// !$*UTF8*$!
{
	archiveVersion = 1;
	classes = {
	};
	objectVersion = 56;
	objects = {

/* Begin PBXBuildFile section */
		2EDB9E7A80454170B9475645 /* HobbyApp/Views/Auth/EnhancedOnboardingFlow.swift in Sources */ = {isa = PBXBuildFile; fileRef = 81F42765D26C4AD59A288B6B /* HobbyApp/Views/Auth/EnhancedOnboardingFlow.swift */; };
		7A1234561234567890ABCDEF /* HobbyAppApp.swift in Sources */ = {isa = PBXBuildFile; fileRef = 7A1234551234567890ABCDEF /* HobbyAppApp.swift */; };
		7A1234581234567890ABCDEF /* ContentView.swift in Sources */ = {isa = PBXBuildFile; fileRef = 7A1234571234567890ABCDEF /* ContentView.swift */; };
		7A12345A1234567890ABCDEF /* Assets.xcassets in Resources */ = {isa = PBXBuildFile; fileRef = 7A1234591234567890ABCDEF /* Assets.xcassets */; };
		7A12345D1234567890ABCDEF /* Preview Assets.xcassets in Resources */ = {isa = PBXBuildFile; fileRef = 7A12345C1234567890ABCDEF /* Preview Assets.xcassets */; };
		E20C131C2E78E1AD00F31D4C /* HapticFeedbackService.swift in Sources */ = {isa = PBXBuildFile; fileRef = E20C131B2E78E1AD00F31D4C /* HapticFeedbackService.swift */; };
		E20C13272E78E1C600F31D4C /* ActivityFeedViewModel.swift in Sources */ = {isa = PBXBuildFile; fileRef = E20C131D2E78E1C600F31D4C /* ActivityFeedViewModel.swift */; };
		E20C13282E78E1C600F31D4C /* FollowingViewModel.swift in Sources */ = {isa = PBXBuildFile; fileRef = E20C13212E78E1C600F31D4C /* FollowingViewModel.swift */; };
		E20C13292E78E1C600F31D4C /* MarketplaceViewModel.swift in Sources */ = {isa = PBXBuildFile; fileRef = E20C13232E78E1C600F31D4C /* MarketplaceViewModel.swift */; };
		E20C132A2E78E1C600F31D4C /* ProfileViewModel.swift in Sources */ = {isa = PBXBuildFile; fileRef = E20C13242E78E1C600F31D4C /* ProfileViewModel.swift */; };
		E20C132B2E78E1C600F31D4C /* HomeViewModel.swift in Sources */ = {isa = PBXBuildFile; fileRef = E20C13222E78E1C600F31D4C /* HomeViewModel.swift */; };
		E20C132C2E78E1C600F31D4C /* BookingViewModel.swift in Sources */ = {isa = PBXBuildFile; fileRef = E20C131E2E78E1C600F31D4C /* BookingViewModel.swift */; };
		E20C132D2E78E1C600F31D4C /* ClassDetailViewModel.swift in Sources */ = {isa = PBXBuildFile; fileRef = E20C131F2E78E1C600F31D4C /* ClassDetailViewModel.swift */; };
		E20C132E2E78E1C600F31D4C /* SearchViewModel.swift in Sources */ = {isa = PBXBuildFile; fileRef = E20C13252E78E1C600F31D4C /* SearchViewModel.swift */; };
		E20C132F2E78E1C600F31D4C /* ClassListViewModel.swift in Sources */ = {isa = PBXBuildFile; fileRef = E20C13202E78E1C600F31D4C /* ClassListViewModel.swift */; };
		E24D50A22E931E3C0063CA97 /* BookingFlowView.swift in Sources */ = {isa = PBXBuildFile; fileRef = E24D50A12E931E3B0063CA97 /* BookingFlowView.swift */; };
		E2BBE57D2E81B18F00CFDD45 /* SimpleSupabaseService.swift in Sources */ = {isa = PBXBuildFile; fileRef = E2BBE57C2E81B18F00CFDD45 /* SimpleSupabaseService.swift */; };
		E2D7A45B2E8A2BDB00044E9B /* GoogleSignIn in Frameworks */ = {isa = PBXBuildFile; productRef = E2D7A45A2E8A2BDB00044E9B /* GoogleSignIn */; };
		E2D7A45D2E8A2BDB00044E9B /* GoogleSignInSwift in Frameworks */ = {isa = PBXBuildFile; productRef = E2D7A45C2E8A2BDB00044E9B /* GoogleSignInSwift */; };
		E2D7A4602E8A2D9700044E9B /* GoogleSignIn in Frameworks */ = {isa = PBXBuildFile; productRef = E2D7A45F2E8A2D9700044E9B /* GoogleSignIn */; };
		E2D7A4622E8A2D9700044E9B /* GoogleSignInSwift in Frameworks */ = {isa = PBXBuildFile; productRef = E2D7A4612E8A2D9700044E9B /* GoogleSignInSwift */; };
		E2D7A4642E8A2F5400044E9B /* GoogleService-Info.plist in Resources */ = {isa = PBXBuildFile; fileRef = E2D7A4632E8A2F5400044E9B /* GoogleService-Info.plist */; };
		E2D993712E8752AC007D3F6D /* BiometricAuthenticationService.swift in Sources */ = {isa = PBXBuildFile; fileRef = E2D993702E8752AC007D3F6D /* BiometricAuthenticationService.swift */; };
		E2D993732E8752BB007D3F6D /* CreditService.swift in Sources */ = {isa = PBXBuildFile; fileRef = E2D993722E8752BB007D3F6D /* CreditService.swift */; };
		E2D993752E8752D5007D3F6D /* OnboardingService.swift in Sources */ = {isa = PBXBuildFile; fileRef = E2D993742E8752D5007D3F6D /* OnboardingService.swift */; };
		E2D993772E87532B007D3F6D /* LocalAuthentication.framework in Frameworks */ = {isa = PBXBuildFile; fileRef = E2D993762E87532B007D3F6D /* LocalAuthentication.framework */; };
		E2D9937B2E89ED51007D3F6D /* ClassModel.swift in Sources */ = {isa = PBXBuildFile; fileRef = E2D9937A2E89ED51007D3F6D /* ClassModel.swift */; };
		E2D9937D2E89ED58007D3F6D /* CreditTypes.swift in Sources */ = {isa = PBXBuildFile; fileRef = E2D9937C2E89ED58007D3F6D /* CreditTypes.swift */; };
		E2D9937F2E89ED61007D3F6D /* ActivityFeedTypes.swift in Sources */ = {isa = PBXBuildFile; fileRef = E2D9937E2E89ED61007D3F6D /* ActivityFeedTypes.swift */; };
		E2E5EFAA2E790C1900F90F24 /* Booking.swift in Sources */ = {isa = PBXBuildFile; fileRef = E2E5EFA02E790C1900F90F24 /* Booking.swift */; };
		E2E5EFAB2E790C1900F90F24 /* SearchModels.swift in Sources */ = {isa = PBXBuildFile; fileRef = E2E5EFA72E790C1900F90F24 /* SearchModels.swift */; };
		E2E5EFAC2E790C1900F90F24 /* Following.swift in Sources */ = {isa = PBXBuildFile; fileRef = E2E5EFA22E790C1900F90F24 /* Following.swift */; };
		E2E5EFAD2E790C1900F90F24 /* Venue.swift in Sources */ = {isa = PBXBuildFile; fileRef = E2E5EFA92E790C1900F90F24 /* Venue.swift */; };
		E2E5EFAE2E790C1900F90F24 /* HobbyClass.swift in Sources */ = {isa = PBXBuildFile; fileRef = E2E5EFA32E790C1900F90F24 /* HobbyClass.swift */; };
		E2E5EFAF2E790C1900F90F24 /* Review.swift in Sources */ = {isa = PBXBuildFile; fileRef = E2E5EFA62E790C1900F90F24 /* Review.swift */; };
		E2E5EFB02E790C1900F90F24 /* Payment.swift in Sources */ = {isa = PBXBuildFile; fileRef = E2E5EFA52E790C1900F90F24 /* Payment.swift */; };
		E2E5EFB12E790C1900F90F24 /* UserProfile.swift in Sources */ = {isa = PBXBuildFile; fileRef = E2E5EFA82E790C1900F90F24 /* UserProfile.swift */; };
		E2E5EFB22E790C1900F90F24 /* Instructor.swift in Sources */ = {isa = PBXBuildFile; fileRef = E2E5EFA42E790C1900F90F24 /* Instructor.swift */; };
		E2E5EFB32E790C1900F90F24 /* ClassItem.swift in Sources */ = {isa = PBXBuildFile; fileRef = E2E5EFA12E790C1900F90F24 /* ClassItem.swift */; };
		E2E73DEE2E764B4800994856 /* Auth in Frameworks */ = {isa = PBXBuildFile; productRef = E2E73DED2E764B4800994856 /* Auth */; };
		E2E73DF02E764B4800994856 /* Functions in Frameworks */ = {isa = PBXBuildFile; productRef = E2E73DEF2E764B4800994856 /* Functions */; };
		E2E73DF22E764B4800994856 /* PostgREST in Frameworks */ = {isa = PBXBuildFile; productRef = E2E73DF12E764B4800994856 /* PostgREST */; };
		E2E73DF42E764B4800994856 /* Realtime in Frameworks */ = {isa = PBXBuildFile; productRef = E2E73DF32E764B4800994856 /* Realtime */; };
		E2E73DF62E764B4800994856 /* Storage in Frameworks */ = {isa = PBXBuildFile; productRef = E2E73DF52E764B4800994856 /* Storage */; };
		E2E73DF92E764DF500994856 /* Supabase in Frameworks */ = {isa = PBXBuildFile; productRef = E2E73DF82E764DF500994856 /* Supabase */; };
		E2E73DFD2E7651DA00994856 /* AuthenticationManager.swift in Sources */ = {isa = PBXBuildFile; fileRef = E2E73DFC2E7651DA00994856 /* AuthenticationManager.swift */; };
		E2E73DFF2E7651EC00994856 /* NavigationManager.swift in Sources */ = {isa = PBXBuildFile; fileRef = E2E73DFE2E7651EC00994856 /* NavigationManager.swift */; };
		E2E73E012E76521100994856 /* AppError.swift in Sources */ = {isa = PBXBuildFile; fileRef = E2E73E002E76521100994856 /* AppError.swift */; };
		E2E73E091234567890ABCDEF /* HobbyApp/ViewModels/HomeViewModel.swift in Sources */ = {isa = PBXBuildFile; fileRef = E2E73E081234567890ABCDEF /* HobbyApp/ViewModels/HomeViewModel.swift */; };
		E2E73E131234567890ABCDEF /* HobbyApp/ViewModels/ProfileViewModel.swift in Sources */ = {isa = PBXBuildFile; fileRef = E2E73E121234567890ABCDEF /* HobbyApp/ViewModels/ProfileViewModel.swift */; };
		E2E73E251234567890ABCDEF /* HobbyApp/Models/Booking.swift in Sources */ = {isa = PBXBuildFile; fileRef = E2E73E241234567890ABCDEF /* HobbyApp/Models/Booking.swift */; };
		E2E73E2B1234567890ABCDEF /* HobbyApp/Models/ClassItem.swift in Sources */ = {isa = PBXBuildFile; fileRef = E2E73E2A1234567890ABCDEF /* HobbyApp/Models/ClassItem.swift */; };
		E2E73E331234567890ABCDEF /* HobbyApp/Views/Main/MainTabView.swift in Sources */ = {isa = PBXBuildFile; fileRef = E2E73E321234567890ABCDEF /* HobbyApp/Views/Main/MainTabView.swift */; };
		E2E73E351234567890ABCDEF /* HobbyApp/Views/Main/HomeView.swift in Sources */ = {isa = PBXBuildFile; fileRef = E2E73E341234567890ABCDEF /* HobbyApp/Views/Main/HomeView.swift */; };
		E2E73E391234567890ABCDEF /* HobbyApp/Views/Main/ClassDetailView.swift in Sources */ = {isa = PBXBuildFile; fileRef = E2E73E381234567890ABCDEF /* HobbyApp/Views/Main/ClassDetailView.swift */; };
		E2E73E3B1234567890ABCDEF /* HobbyApp/Views/Auth/LoginView.swift in Sources */ = {isa = PBXBuildFile; fileRef = E2E73E3A1234567890ABCDEF /* HobbyApp/Views/Auth/LoginView.swift */; };
		E2E73E451234567890ABCDEF /* HobbyApp/Views/Booking/BookingsView.swift in Sources */ = {isa = PBXBuildFile; fileRef = E2E73E441234567890ABCDEF /* HobbyApp/Views/Booking/BookingsView.swift */; };
		E2E73E471234567890ABCDEF /* HobbyApp/Views/Profile/ProfileView.swift in Sources */ = {isa = PBXBuildFile; fileRef = E2E73E461234567890ABCDEF /* HobbyApp/Views/Profile/ProfileView.swift */; };
		E2E73E491234567890ABCDEF /* HobbyApp/Views/Search/SearchView.swift in Sources */ = {isa = PBXBuildFile; fileRef = E2E73E481234567890ABCDEF /* HobbyApp/Views/Search/SearchView.swift */; };
		E2E73E5D1234567890ABCDEF /* HobbyApp/Views/CreditPurchaseView.swift in Sources */ = {isa = PBXBuildFile; fileRef = E2E73E5C1234567890ABCDEF /* HobbyApp/Views/CreditPurchaseView.swift */; };
		E2E73E5F1234567890ABCDEF /* HobbyApp/Utils/UIApplication+Extensions.swift in Sources */ = {isa = PBXBuildFile; fileRef = E2E73E5E1234567890ABCDEF /* HobbyApp/Utils/UIApplication+Extensions.swift */; };
		E2E73E611234567890ABCDEF /* HobbyApp/BrandConstants.swift in Sources */ = {isa = PBXBuildFile; fileRef = E2E73E601234567890ABCDEF /* HobbyApp/BrandConstants.swift */; };
		E2E73E4D1234567890ABCDEF /* HobbyApp/Views/DiscoverView.swift in Sources */ = {isa = PBXBuildFile; fileRef = E2E73E4C1234567890ABCDEF /* HobbyApp/Views/DiscoverView.swift */; };
/* End PBXBuildFile section */

/* Begin PBXFileReference section */
		7A1234521234567890ABCDEF /* HobbyApp.app */ = {isa = PBXFileReference; explicitFileType = wrapper.application; includeInIndex = 0; path = HobbyApp.app; sourceTree = BUILT_PRODUCTS_DIR; };
		7A1234551234567890ABCDEF /* HobbyAppApp.swift */ = {isa = PBXFileReference; lastKnownFileType = sourcecode.swift; path = HobbyAppApp.swift; sourceTree = "<group>"; };
		7A1234571234567890ABCDEF /* ContentView.swift */ = {isa = PBXFileReference; lastKnownFileType = sourcecode.swift; path = ContentView.swift; sourceTree = "<group>"; };
		7A1234591234567890ABCDEF /* Assets.xcassets */ = {isa = PBXFileReference; lastKnownFileType = folder.assetcatalog; path = Assets.xcassets; sourceTree = "<group>"; };
		7A12345C1234567890ABCDEF /* Preview Assets.xcassets */ = {isa = PBXFileReference; lastKnownFileType = folder.assetcatalog; path = "Preview Assets.xcassets"; sourceTree = "<group>"; };
		7A12345E1234567890ABCDEF /* Info.plist */ = {isa = PBXFileReference; lastKnownFileType = text.plist.xml; path = Info.plist; sourceTree = "<group>"; };
		81F42765D26C4AD59A288B6B /* HobbyApp/Views/Auth/EnhancedOnboardingFlow.swift */ = {isa = PBXFileReference; lastKnownFileType = sourcecode.swift; path = HobbyApp/Views/Auth/EnhancedOnboardingFlow.swift; sourceTree = "<group>"; };
		E20C131B2E78E1AD00F31D4C /* HapticFeedbackService.swift */ = {isa = PBXFileReference; lastKnownFileType = sourcecode.swift; path = HapticFeedbackService.swift; sourceTree = "<group>"; };
		E20C131D2E78E1C600F31D4C /* ActivityFeedViewModel.swift */ = {isa = PBXFileReference; lastKnownFileType = sourcecode.swift; path = ActivityFeedViewModel.swift; sourceTree = "<group>"; };
		E20C131E2E78E1C600F31D4C /* BookingViewModel.swift */ = {isa = PBXFileReference; lastKnownFileType = sourcecode.swift; path = BookingViewModel.swift; sourceTree = "<group>"; };
		E20C131F2E78E1C600F31D4C /* ClassDetailViewModel.swift */ = {isa = PBXFileReference; lastKnownFileType = sourcecode.swift; path = ClassDetailViewModel.swift; sourceTree = "<group>"; };
		E20C13202E78E1C600F31D4C /* ClassListViewModel.swift */ = {isa = PBXFileReference; lastKnownFileType = sourcecode.swift; path = ClassListViewModel.swift; sourceTree = "<group>"; };
		E20C13212E78E1C600F31D4C /* FollowingViewModel.swift */ = {isa = PBXFileReference; lastKnownFileType = sourcecode.swift; path = FollowingViewModel.swift; sourceTree = "<group>"; };
		E20C13222E78E1C600F31D4C /* HomeViewModel.swift */ = {isa = PBXFileReference; lastKnownFileType = sourcecode.swift; path = HomeViewModel.swift; sourceTree = "<group>"; };
		E20C13232E78E1C600F31D4C /* MarketplaceViewModel.swift */ = {isa = PBXFileReference; lastKnownFileType = sourcecode.swift; path = MarketplaceViewModel.swift; sourceTree = "<group>"; };
		E20C13242E78E1C600F31D4C /* ProfileViewModel.swift */ = {isa = PBXFileReference; lastKnownFileType = sourcecode.swift; path = ProfileViewModel.swift; sourceTree = "<group>"; };
		E20C13252E78E1C600F31D4C /* SearchViewModel.swift */ = {isa = PBXFileReference; lastKnownFileType = sourcecode.swift; path = SearchViewModel.swift; sourceTree = "<group>"; };
		E24D50A12E931E3B0063CA97 /* BookingFlowView.swift */ = {isa = PBXFileReference; lastKnownFileType = sourcecode.swift; path = BookingFlowView.swift; sourceTree = "<group>"; };
		E2BBE57C2E81B18F00CFDD45 /* SimpleSupabaseService.swift */ = {isa = PBXFileReference; lastKnownFileType = sourcecode.swift; path = SimpleSupabaseService.swift; sourceTree = "<group>"; };
		E2D7A45E2E8A2C8500044E9B /* HobbyApp.entitlements */ = {isa = PBXFileReference; lastKnownFileType = text.plist.entitlements; path = HobbyApp.entitlements; sourceTree = "<group>"; };
		E2D7A4632E8A2F5400044E9B /* GoogleService-Info.plist */ = {isa = PBXFileReference; lastKnownFileType = text.plist.xml; path = "GoogleService-Info.plist"; sourceTree = "<group>"; };
		E2D993702E8752AC007D3F6D /* BiometricAuthenticationService.swift */ = {isa = PBXFileReference; lastKnownFileType = sourcecode.swift; path = BiometricAuthenticationService.swift; sourceTree = "<group>"; };
		E2D993722E8752BB007D3F6D /* CreditService.swift */ = {isa = PBXFileReference; lastKnownFileType = sourcecode.swift; path = CreditService.swift; sourceTree = "<group>"; };
		E2D993742E8752D5007D3F6D /* OnboardingService.swift */ = {isa = PBXFileReference; lastKnownFileType = sourcecode.swift; path = OnboardingService.swift; sourceTree = "<group>"; };
		E2D993762E87532B007D3F6D /* LocalAuthentication.framework */ = {isa = PBXFileReference; lastKnownFileType = wrapper.framework; name = LocalAuthentication.framework; path = System/Library/Frameworks/LocalAuthentication.framework; sourceTree = SDKROOT; };
		E2D9937A2E89ED51007D3F6D /* ClassModel.swift */ = {isa = PBXFileReference; lastKnownFileType = sourcecode.swift; path = ClassModel.swift; sourceTree = "<group>"; };
		E2D9937C2E89ED58007D3F6D /* CreditTypes.swift */ = {isa = PBXFileReference; lastKnownFileType = sourcecode.swift; path = CreditTypes.swift; sourceTree = "<group>"; };
		E2D9937E2E89ED61007D3F6D /* ActivityFeedTypes.swift */ = {isa = PBXFileReference; lastKnownFileType = sourcecode.swift; path = ActivityFeedTypes.swift; sourceTree = "<group>"; };
		E2D993802E89FB18007D3F6D /* HobbyAppDebug.entitlements */ = {isa = PBXFileReference; lastKnownFileType = text.plist.entitlements; path = HobbyAppDebug.entitlements; sourceTree = "<group>"; };
		E2E5EFA02E790C1900F90F24 /* Booking.swift */ = {isa = PBXFileReference; lastKnownFileType = sourcecode.swift; path = Booking.swift; sourceTree = "<group>"; };
		E2E5EFA12E790C1900F90F24 /* ClassItem.swift */ = {isa = PBXFileReference; lastKnownFileType = sourcecode.swift; path = ClassItem.swift; sourceTree = "<group>"; };
		E2E5EFA22E790C1900F90F24 /* Following.swift */ = {isa = PBXFileReference; lastKnownFileType = sourcecode.swift; path = Following.swift; sourceTree = "<group>"; };
		E2E5EFA32E790C1900F90F24 /* HobbyClass.swift */ = {isa = PBXFileReference; lastKnownFileType = sourcecode.swift; path = HobbyClass.swift; sourceTree = "<group>"; };
		E2E5EFA42E790C1900F90F24 /* Instructor.swift */ = {isa = PBXFileReference; lastKnownFileType = sourcecode.swift; path = Instructor.swift; sourceTree = "<group>"; };
		E2E5EFA52E790C1900F90F24 /* Payment.swift */ = {isa = PBXFileReference; lastKnownFileType = sourcecode.swift; path = Payment.swift; sourceTree = "<group>"; };
		E2E5EFA62E790C1900F90F24 /* Review.swift */ = {isa = PBXFileReference; lastKnownFileType = sourcecode.swift; path = Review.swift; sourceTree = "<group>"; };
		E2E5EFA72E790C1900F90F24 /* SearchModels.swift */ = {isa = PBXFileReference; lastKnownFileType = sourcecode.swift; path = SearchModels.swift; sourceTree = "<group>"; };
		E2E5EFA82E790C1900F90F24 /* UserProfile.swift */ = {isa = PBXFileReference; lastKnownFileType = sourcecode.swift; path = UserProfile.swift; sourceTree = "<group>"; };
		E2E5EFA92E790C1900F90F24 /* Venue.swift */ = {isa = PBXFileReference; lastKnownFileType = sourcecode.swift; path = Venue.swift; sourceTree = "<group>"; };
		E2E73DFC2E7651DA00994856 /* AuthenticationManager.swift */ = {isa = PBXFileReference; lastKnownFileType = sourcecode.swift; path = AuthenticationManager.swift; sourceTree = "<group>"; };
		E2E73DFE2E7651EC00994856 /* NavigationManager.swift */ = {isa = PBXFileReference; lastKnownFileType = sourcecode.swift; path = NavigationManager.swift; sourceTree = "<group>"; };
		E2E73E002E76521100994856 /* AppError.swift */ = {isa = PBXFileReference; lastKnownFileType = sourcecode.swift; path = AppError.swift; sourceTree = "<group>"; };
		E2E73E081234567890ABCDEF /* HobbyApp/ViewModels/HomeViewModel.swift */ = {isa = PBXFileReference; lastKnownFileType = sourcecode.swift; path = HobbyApp/ViewModels/HomeViewModel.swift; sourceTree = "<group>"; };
		E2E73E121234567890ABCDEF /* HobbyApp/ViewModels/ProfileViewModel.swift */ = {isa = PBXFileReference; lastKnownFileType = sourcecode.swift; path = HobbyApp/ViewModels/ProfileViewModel.swift; sourceTree = "<group>"; };
		E2E73E1A1234567890ABCDEF /* Configuration.swift */ = {isa = PBXFileReference; lastKnownFileType = sourcecode.swift; path = Configuration.swift; sourceTree = "<group>"; };
		E2E73E241234567890ABCDEF /* HobbyApp/Models/Booking.swift */ = {isa = PBXFileReference; lastKnownFileType = sourcecode.swift; path = HobbyApp/Models/Booking.swift; sourceTree = "<group>"; };
		E2E73E2A1234567890ABCDEF /* HobbyApp/Models/ClassItem.swift */ = {isa = PBXFileReference; lastKnownFileType = sourcecode.swift; path = HobbyApp/Models/ClassItem.swift; sourceTree = "<group>"; };
		E2E73E321234567890ABCDEF /* HobbyApp/Views/Main/MainTabView.swift */ = {isa = PBXFileReference; lastKnownFileType = sourcecode.swift; path = HobbyApp/Views/Main/MainTabView.swift; sourceTree = "<group>"; };
		E2E73E341234567890ABCDEF /* HobbyApp/Views/Main/HomeView.swift */ = {isa = PBXFileReference; lastKnownFileType = sourcecode.swift; path = HobbyApp/Views/Main/HomeView.swift; sourceTree = "<group>"; };
		E2E73E381234567890ABCDEF /* HobbyApp/Views/Main/ClassDetailView.swift */ = {isa = PBXFileReference; lastKnownFileType = sourcecode.swift; path = HobbyApp/Views/Main/ClassDetailView.swift; sourceTree = "<group>"; };
		E2E73E3A1234567890ABCDEF /* HobbyApp/Views/Auth/LoginView.swift */ = {isa = PBXFileReference; lastKnownFileType = sourcecode.swift; path = HobbyApp/Views/Auth/LoginView.swift; sourceTree = "<group>"; };
		E2E73E441234567890ABCDEF /* HobbyApp/Views/Booking/BookingsView.swift */ = {isa = PBXFileReference; lastKnownFileType = sourcecode.swift; path = HobbyApp/Views/Booking/BookingsView.swift; sourceTree = "<group>"; };
		E2E73E461234567890ABCDEF /* HobbyApp/Views/Profile/ProfileView.swift */ = {isa = PBXFileReference; lastKnownFileType = sourcecode.swift; path = HobbyApp/Views/Profile/ProfileView.swift; sourceTree = "<group>"; };
		E2E73E481234567890ABCDEF /* HobbyApp/Views/Search/SearchView.swift */ = {isa = PBXFileReference; lastKnownFileType = sourcecode.swift; path = HobbyApp/Views/Search/SearchView.swift; sourceTree = "<group>"; };
		E2E73E4C1234567890ABCDEF /* HobbyApp/Views/DiscoverView.swift */ = {isa = PBXFileReference; lastKnownFileType = sourcecode.swift; path = HobbyApp/Views/DiscoverView.swift; sourceTree = "<group>"; };
		E2E73E5C1234567890ABCDEF /* HobbyApp/Views/CreditPurchaseView.swift */ = {isa = PBXFileReference; lastKnownFileType = sourcecode.swift; path = HobbyApp/Views/CreditPurchaseView.swift; sourceTree = "<group>"; };
		E2E73E5E1234567890ABCDEF /* HobbyApp/Utils/UIApplication+Extensions.swift */ = {isa = PBXFileReference; lastKnownFileType = sourcecode.swift; path = HobbyApp/Utils/UIApplication+Extensions.swift; sourceTree = "<group>"; };
		E2E73E601234567890ABCDEF /* HobbyApp/BrandConstants.swift */ = {isa = PBXFileReference; lastKnownFileType = sourcecode.swift; path = HobbyApp/BrandConstants.swift; sourceTree = "<group>"; };
/* End PBXFileReference section */

/* Begin PBXFrameworksBuildPhase section */
		7A12344F1234567890ABCDEF /* Frameworks */ = {
			isa = PBXFrameworksBuildPhase;
			buildActionMask = 2147483647;
			files = (
				E2D7A45D2E8A2BDB00044E9B /* GoogleSignInSwift in Frameworks */,
				E2E73DF22E764B4800994856 /* PostgREST in Frameworks */,
				E2D7A45B2E8A2BDB00044E9B /* GoogleSignIn in Frameworks */,
				E2E73DF02E764B4800994856 /* Functions in Frameworks */,
				E2D993772E87532B007D3F6D /* LocalAuthentication.framework in Frameworks */,
				E2D7A4602E8A2D9700044E9B /* GoogleSignIn in Frameworks */,
				E2E73DF92E764DF500994856 /* Supabase in Frameworks */,
				E2E73DEE2E764B4800994856 /* Auth in Frameworks */,
				E2E73DF62E764B4800994856 /* Storage in Frameworks */,
				E2E73DF42E764B4800994856 /* Realtime in Frameworks */,
				E2D7A4622E8A2D9700044E9B /* GoogleSignInSwift in Frameworks */,
			);
			runOnlyForDeploymentPostprocessing = 0;
		};
/* End PBXFrameworksBuildPhase section */

/* Begin PBXGroup section */
		7A1234491234567890ABCDEF = {
			isa = PBXGroup;
			children = (
				7A1234541234567890ABCDEF /* HobbyApp */,
				E2E73DF72E764DF500994856 /* Frameworks */,
				7A1234531234567890ABCDEF /* Products */,
				E20C131A2E78E06000F31D4C /* Recovered References */,
			);
			sourceTree = "<group>";
		};
		7A1234531234567890ABCDEF /* Products */ = {
			isa = PBXGroup;
			children = (
				7A1234521234567890ABCDEF /* HobbyApp.app */,
			);
			name = Products;
			sourceTree = "<group>";
		};
		7A1234541234567890ABCDEF /* HobbyApp */ = {
			isa = PBXGroup;
			children = (
				E2D7A4632E8A2F5400044E9B /* GoogleService-Info.plist */,
				E2D7A45E2E8A2C8500044E9B /* HobbyApp.entitlements */,
				E2D993802E89FB18007D3F6D /* HobbyAppDebug.entitlements */,
				E20C13262E78E1C600F31D4C /* ViewModels */,
				7A1234551234567890ABCDEF /* HobbyAppApp.swift */,
				7A1234571234567890ABCDEF /* ContentView.swift */,
				E2E73E1A1234567890ABCDEF /* Configuration.swift */,
				E2E73E042E76522F00994856 /* Services */,
				E2E73E032E76522A00994856 /* Models */,
				7A1234591234567890ABCDEF /* Assets.xcassets */,
				7A12345E1234567890ABCDEF /* Info.plist */,
				7A12345B1234567890ABCDEF /* Preview Content */,
			);
			path = HobbyApp;
			sourceTree = "<group>";
		};
		7A12345B1234567890ABCDEF /* Preview Content */ = {
			isa = PBXGroup;
			children = (
				7A12345C1234567890ABCDEF /* Preview Assets.xcassets */,
			);
			path = "Preview Content";
			sourceTree = "<group>";
		};
		E20C131A2E78E06000F31D4C /* Recovered References */ = {
			isa = PBXGroup;
			children = (
				E2E73E081234567890ABCDEF /* HobbyApp/ViewModels/HomeViewModel.swift */,
				E2E73E121234567890ABCDEF /* HobbyApp/ViewModels/ProfileViewModel.swift */,
				E2E73E241234567890ABCDEF /* HobbyApp/Models/Booking.swift */,
				E2E73E2A1234567890ABCDEF /* HobbyApp/Models/ClassItem.swift */,
				E2E73E321234567890ABCDEF /* HobbyApp/Views/Main/MainTabView.swift */,
				E2E73E341234567890ABCDEF /* HobbyApp/Views/Main/HomeView.swift */,
			E2E73E381234567890ABCDEF /* HobbyApp/Views/Main/ClassDetailView.swift */,
			E2E73E3A1234567890ABCDEF /* HobbyApp/Views/Auth/LoginView.swift */,
			81F42765D26C4AD59A288B6B /* HobbyApp/Views/Auth/EnhancedOnboardingFlow.swift */,
			E2E73E4C1234567890ABCDEF /* HobbyApp/Views/DiscoverView.swift */,
			E2E73E481234567890ABCDEF /* HobbyApp/Views/Search/SearchView.swift */,
			E2E73E441234567890ABCDEF /* HobbyApp/Views/Booking/BookingsView.swift */,
			E2E73E461234567890ABCDEF /* HobbyApp/Views/Profile/ProfileView.swift */,
			E2E73E5C1234567890ABCDEF /* HobbyApp/Views/CreditPurchaseView.swift */,
			E2E73E601234567890ABCDEF /* HobbyApp/BrandConstants.swift */,
		);
			name = "Recovered References";
			sourceTree = "<group>";
		};
		E20C13262E78E1C600F31D4C /* ViewModels */ = {
			isa = PBXGroup;
			children = (
				E24D50A12E931E3B0063CA97 /* BookingFlowView.swift */,
				E20C131D2E78E1C600F31D4C /* ActivityFeedViewModel.swift */,
				E20C131E2E78E1C600F31D4C /* BookingViewModel.swift */,
				E20C131F2E78E1C600F31D4C /* ClassDetailViewModel.swift */,
				E20C13202E78E1C600F31D4C /* ClassListViewModel.swift */,
				E20C13212E78E1C600F31D4C /* FollowingViewModel.swift */,
				E20C13222E78E1C600F31D4C /* HomeViewModel.swift */,
				E20C13232E78E1C600F31D4C /* MarketplaceViewModel.swift */,
				E20C13242E78E1C600F31D4C /* ProfileViewModel.swift */,
				E20C13252E78E1C600F31D4C /* SearchViewModel.swift */,
			);
			path = ViewModels;
			sourceTree = "<group>";
		};
		E2E73DF72E764DF500994856 /* Frameworks */ = {
			isa = PBXGroup;
			children = (
				E2D993762E87532B007D3F6D /* LocalAuthentication.framework */,
			);
			name = Frameworks;
			sourceTree = "<group>";
		};
		E2E73E032E76522A00994856 /* Models */ = {
			isa = PBXGroup;
			children = (
				E2D9937E2E89ED61007D3F6D /* ActivityFeedTypes.swift */,
				E2D9937C2E89ED58007D3F6D /* CreditTypes.swift */,
				E2D9937A2E89ED51007D3F6D /* ClassModel.swift */,
				E2E5EFA02E790C1900F90F24 /* Booking.swift */,
				E2E5EFA12E790C1900F90F24 /* ClassItem.swift */,
				E2E5EFA22E790C1900F90F24 /* Following.swift */,
				E2E5EFA32E790C1900F90F24 /* HobbyClass.swift */,
				E2E5EFA42E790C1900F90F24 /* Instructor.swift */,
				E2E5EFA52E790C1900F90F24 /* Payment.swift */,
				E2E5EFA62E790C1900F90F24 /* Review.swift */,
				E2E5EFA72E790C1900F90F24 /* SearchModels.swift */,
				E2E5EFA82E790C1900F90F24 /* UserProfile.swift */,
				E2E5EFA92E790C1900F90F24 /* Venue.swift */,
				E2E73E002E76521100994856 /* AppError.swift */,
			);
			path = Models;
			sourceTree = "<group>";
		};
		E2E73E042E76522F00994856 /* Services */ = {
			isa = PBXGroup;
			children = (
				E2D993742E8752D5007D3F6D /* OnboardingService.swift */,
				E2D993722E8752BB007D3F6D /* CreditService.swift */,
				E2D993702E8752AC007D3F6D /* BiometricAuthenticationService.swift */,
				E2BBE57C2E81B18F00CFDD45 /* SimpleSupabaseService.swift */,
				E20C131B2E78E1AD00F31D4C /* HapticFeedbackService.swift */,
				E2E73DFC2E7651DA00994856 /* AuthenticationManager.swift */,
				E2E73DFE2E7651EC00994856 /* NavigationManager.swift */,
			);
			path = Services;
			sourceTree = "<group>";
		};
/* End PBXGroup section */

/* Begin PBXNativeTarget section */
		7A1234511234567890ABCDEF /* HobbyApp */ = {
			isa = PBXNativeTarget;
			buildConfigurationList = 7A1234611234567890ABCDEF /* Build configuration list for PBXNativeTarget "HobbyApp" */;
			buildPhases = (
				7A12344E1234567890ABCDEF /* Sources */,
				7A12344F1234567890ABCDEF /* Frameworks */,
				7A1234501234567890ABCDEF /* Resources */,
			);
			buildRules = (
			);
			dependencies = (
			);
			name = HobbyApp;
			productName = HobbyApp;
			productReference = 7A1234521234567890ABCDEF /* HobbyApp.app */;
			productType = "com.apple.product-type.application";
		};
/* End PBXNativeTarget section */

/* Begin PBXProject section */
		7A12344A1234567890ABCDEF /* Project object */ = {
			isa = PBXProject;
			attributes = {
				BuildIndependentTargetsInParallel = 1;
				LastSwiftUpdateCheck = 1500;
				LastUpgradeCheck = 2600;
				TargetAttributes = {
					7A1234511234567890ABCDEF = {
						CreatedOnToolsVersion = 15.0;
					};
				};
			};
			buildConfigurationList = 7A12344D1234567890ABCDEF /* Build configuration list for PBXProject "HobbyApp" */;
			compatibilityVersion = "Xcode 14.0";
			developmentRegion = en;
			hasScannedForEncodings = 0;
			knownRegions = (
				en,
				Base,
			);
			mainGroup = 7A1234491234567890ABCDEF;
			packageReferences = (
				E2E73DEC2E764B4800994856 /* XCRemoteSwiftPackageReference "supabase-swift" */,
				E2D7A4592E8A2BDB00044E9B /* XCRemoteSwiftPackageReference "GoogleSignIn-iOS" */,
			);
			productRefGroup = 7A1234531234567890ABCDEF /* Products */;
			projectDirPath = "";
			projectRoot = "";
			targets = (
				7A1234511234567890ABCDEF /* HobbyApp */,
			);
		};
/* End PBXProject section */

/* Begin PBXResourcesBuildPhase section */
		7A1234501234567890ABCDEF /* Resources */ = {
			isa = PBXResourcesBuildPhase;
			buildActionMask = 2147483647;
			files = (
				7A12345D1234567890ABCDEF /* Preview Assets.xcassets in Resources */,
				7A12345A1234567890ABCDEF /* Assets.xcassets in Resources */,
				E2D7A4642E8A2F5400044E9B /* GoogleService-Info.plist in Resources */,
			);
			runOnlyForDeploymentPostprocessing = 0;
		};
/* End PBXResourcesBuildPhase section */

/* Begin PBXSourcesBuildPhase section */
		7A12344E1234567890ABCDEF /* Sources */ = {
			isa = PBXSourcesBuildPhase;
			buildActionMask = 2147483647;
			files = (
				E2E73DFD2E7651DA00994856 /* AuthenticationManager.swift in Sources */,
				E2D9937F2E89ED61007D3F6D /* ActivityFeedTypes.swift in Sources */,
				E2E73E012E76521100994856 /* AppError.swift in Sources */,
				E2D9937D2E89ED58007D3F6D /* CreditTypes.swift in Sources */,
				E2E5EFAA2E790C1900F90F24 /* Booking.swift in Sources */,
				E2E5EFAB2E790C1900F90F24 /* SearchModels.swift in Sources */,
				E2E5EFAC2E790C1900F90F24 /* Following.swift in Sources */,
				E2E5EFAD2E790C1900F90F24 /* Venue.swift in Sources */,
				E2E5EFAE2E790C1900F90F24 /* HobbyClass.swift in Sources */,
				E2E5EFAF2E790C1900F90F24 /* Review.swift in Sources */,
				E2E5EFB02E790C1900F90F24 /* Payment.swift in Sources */,
				E2BBE57D2E81B18F00CFDD45 /* SimpleSupabaseService.swift in Sources */,
				E24D50A22E931E3C0063CA97 /* BookingFlowView.swift in Sources */,
				E2E5EFB12E790C1900F90F24 /* UserProfile.swift in Sources */,
				E2E5EFB22E790C1900F90F24 /* Instructor.swift in Sources */,
				E2E5EFB32E790C1900F90F24 /* ClassItem.swift in Sources */,
				7A1234581234567890ABCDEF /* ContentView.swift in Sources */,
				7A1234561234567890ABCDEF /* HobbyAppApp.swift in Sources */,
				E2E73DFF2E7651EC00994856 /* NavigationManager.swift in Sources */,
				E2E73E091234567890ABCDEF /* HobbyApp/ViewModels/HomeViewModel.swift in Sources */,
				E2E73E131234567890ABCDEF /* HobbyApp/ViewModels/ProfileViewModel.swift in Sources */,
				E2D993752E8752D5007D3F6D /* OnboardingService.swift in Sources */,
				E2D993712E8752AC007D3F6D /* BiometricAuthenticationService.swift in Sources */,
				E20C131C2E78E1AD00F31D4C /* HapticFeedbackService.swift in Sources */,
				E2E73E251234567890ABCDEF /* HobbyApp/Models/Booking.swift in Sources */,
				E2E73E2B1234567890ABCDEF /* HobbyApp/Models/ClassItem.swift in Sources */,
				E2E73E331234567890ABCDEF /* HobbyApp/Views/Main/MainTabView.swift in Sources */,
				E20C13272E78E1C600F31D4C /* ActivityFeedViewModel.swift in Sources */,
				E20C13282E78E1C600F31D4C /* FollowingViewModel.swift in Sources */,
				E20C13292E78E1C600F31D4C /* MarketplaceViewModel.swift in Sources */,
				E20C132A2E78E1C600F31D4C /* ProfileViewModel.swift in Sources */,
				E20C132B2E78E1C600F31D4C /* HomeViewModel.swift in Sources */,
				E20C132C2E78E1C600F31D4C /* BookingViewModel.swift in Sources */,
				E20C132D2E78E1C600F31D4C /* ClassDetailViewModel.swift in Sources */,
				E20C132E2E78E1C600F31D4C /* SearchViewModel.swift in Sources */,
				E2D9937B2E89ED51007D3F6D /* ClassModel.swift in Sources */,
				E2D993732E8752BB007D3F6D /* CreditService.swift in Sources */,
				E20C132F2E78E1C600F31D4C /* ClassListViewModel.swift in Sources */,
				E2E73E351234567890ABCDEF /* HobbyApp/Views/Main/HomeView.swift in Sources */,
				E2E73E391234567890ABCDEF /* HobbyApp/Views/Main/ClassDetailView.swift in Sources */,
				E2E73E3B1234567890ABCDEF /* HobbyApp/Views/Auth/LoginView.swift in Sources */,
				2EDB9E7A80454170B9475645 /* HobbyApp/Views/Auth/EnhancedOnboardingFlow.swift in Sources */,
				E2E73E4D1234567890ABCDEF /* HobbyApp/Views/DiscoverView.swift in Sources */,
			E2E73E491234567890ABCDEF /* HobbyApp/Views/Search/SearchView.swift in Sources */,
			E2E73E451234567890ABCDEF /* HobbyApp/Views/Booking/BookingsView.swift in Sources */,
			E2E73E471234567890ABCDEF /* HobbyApp/Views/Profile/ProfileView.swift in Sources */,
			E2E73E5D1234567890ABCDEF /* HobbyApp/Views/CreditPurchaseView.swift in Sources */,
			E2E73E5F1234567890ABCDEF /* HobbyApp/Utils/UIApplication+Extensions.swift in Sources */,
			E2E73E611234567890ABCDEF /* HobbyApp/BrandConstants.swift in Sources */,
		);
			runOnlyForDeploymentPostprocessing = 0;
		};
/* End PBXSourcesBuildPhase section */

/* Begin XCBuildConfiguration section */
		7A12345F1234567890ABCDEF /* Debug */ = {
			isa = XCBuildConfiguration;
			buildSettings = {
				ALWAYS_SEARCH_USER_PATHS = NO;
				ASSETCATALOG_COMPILER_GENERATE_SWIFT_ASSET_SYMBOL_EXTENSIONS = YES;
				CLANG_ANALYZER_NONNULL = YES;
				CLANG_ANALYZER_NUMBER_OBJECT_CONVERSION = YES_AGGRESSIVE;
				CLANG_CXX_LANGUAGE_STANDARD = "gnu++20";
				CLANG_ENABLE_MODULES = YES;
				CLANG_ENABLE_OBJC_ARC = YES;
				CLANG_ENABLE_OBJC_WEAK = YES;
				CLANG_WARN_BLOCK_CAPTURE_AUTORELEASING = YES;
				CLANG_WARN_BOOL_CONVERSION = YES;
				CLANG_WARN_COMMA = YES;
				CLANG_WARN_CONSTANT_CONVERSION = YES;
				CLANG_WARN_DEPRECATED_OBJC_IMPLEMENTATIONS = YES;
				CLANG_WARN_DIRECT_OBJC_ISA_USAGE = YES_ERROR;
				CLANG_WARN_DOCUMENTATION_COMMENTS = YES;
				CLANG_WARN_EMPTY_BODY = YES;
				CLANG_WARN_ENUM_CONVERSION = YES;
				CLANG_WARN_INFINITE_RECURSION = YES;
				CLANG_WARN_INT_CONVERSION = YES;
				CLANG_WARN_NON_LITERAL_NULL_CONVERSION = YES;
				CLANG_WARN_OBJC_IMPLICIT_RETAIN_SELF = YES;
				CLANG_WARN_OBJC_LITERAL_CONVERSION = YES;
				CLANG_WARN_OBJC_ROOT_CLASS = YES_ERROR;
				CLANG_WARN_QUOTED_INCLUDE_IN_FRAMEWORK_HEADER = YES;
				CLANG_WARN_RANGE_LOOP_ANALYSIS = YES;
				CLANG_WARN_STRICT_PROTOTYPES = YES;
				CLANG_WARN_SUSPICIOUS_MOVE = YES;
				CLANG_WARN_UNGUARDED_AVAILABILITY = YES_AGGRESSIVE;
				CLANG_WARN_UNREACHABLE_CODE = YES;
				CLANG_WARN__DUPLICATE_METHOD_MATCH = YES;
				COPY_PHASE_STRIP = NO;
				DEBUG_INFORMATION_FORMAT = dwarf;
				DEVELOPMENT_TEAM = 594BDWKT53;
				ENABLE_STRICT_OBJC_MSGSEND = YES;
				ENABLE_TESTABILITY = YES;
				ENABLE_USER_SCRIPT_SANDBOXING = YES;
				GCC_C_LANGUAGE_STANDARD = gnu17;
				GCC_DYNAMIC_NO_PIC = NO;
				GCC_NO_COMMON_BLOCKS = YES;
				GCC_OPTIMIZATION_LEVEL = 0;
				GCC_PREPROCESSOR_DEFINITIONS = (
					"DEBUG=1",
					"$(inherited)",
				);
				GCC_WARN_64_TO_32_BIT_CONVERSION = YES;
				GCC_WARN_ABOUT_RETURN_TYPE = YES_ERROR;
				GCC_WARN_UNDECLARED_SELECTOR = YES;
				GCC_WARN_UNINITIALIZED_AUTOS = YES_AGGRESSIVE;
				GCC_WARN_UNUSED_FUNCTION = YES;
				GCC_WARN_UNUSED_VARIABLE = YES;
				IPHONEOS_DEPLOYMENT_TARGET = 16.0;
				LOCALIZATION_PREFERS_STRING_CATALOGS = YES;
				MTL_ENABLE_DEBUG_INFO = INCLUDE_SOURCE;
				MTL_FAST_MATH = YES;
				ONLY_ACTIVE_ARCH = YES;
				SDKROOT = iphoneos;
				STRING_CATALOG_GENERATE_SYMBOLS = YES;
				SWIFT_ACTIVE_COMPILATION_CONDITIONS = "DEBUG $(inherited)";
				SWIFT_OPTIMIZATION_LEVEL = "-Onone";
			};
			name = Debug;
		};
		7A1234601234567890ABCDEF /* Release */ = {
			isa = XCBuildConfiguration;
			buildSettings = {
				ALWAYS_SEARCH_USER_PATHS = NO;
				ASSETCATALOG_COMPILER_GENERATE_SWIFT_ASSET_SYMBOL_EXTENSIONS = YES;
				CLANG_ANALYZER_NONNULL = YES;
				CLANG_ANALYZER_NUMBER_OBJECT_CONVERSION = YES_AGGRESSIVE;
				CLANG_CXX_LANGUAGE_STANDARD = "gnu++20";
				CLANG_ENABLE_MODULES = YES;
				CLANG_ENABLE_OBJC_ARC = YES;
				CLANG_ENABLE_OBJC_WEAK = YES;
				CLANG_WARN_BLOCK_CAPTURE_AUTORELEASING = YES;
				CLANG_WARN_BOOL_CONVERSION = YES;
				CLANG_WARN_COMMA = YES;
				CLANG_WARN_CONSTANT_CONVERSION = YES;
				CLANG_WARN_DEPRECATED_OBJC_IMPLEMENTATIONS = YES;
				CLANG_WARN_DIRECT_OBJC_ISA_USAGE = YES_ERROR;
				CLANG_WARN_DOCUMENTATION_COMMENTS = YES;
				CLANG_WARN_EMPTY_BODY = YES;
				CLANG_WARN_ENUM_CONVERSION = YES;
				CLANG_WARN_INFINITE_RECURSION = YES;
				CLANG_WARN_INT_CONVERSION = YES;
				CLANG_WARN_NON_LITERAL_NULL_CONVERSION = YES;
				CLANG_WARN_OBJC_IMPLICIT_RETAIN_SELF = YES;
				CLANG_WARN_OBJC_LITERAL_CONVERSION = YES;
				CLANG_WARN_OBJC_ROOT_CLASS = YES_ERROR;
				CLANG_WARN_QUOTED_INCLUDE_IN_FRAMEWORK_HEADER = YES;
				CLANG_WARN_RANGE_LOOP_ANALYSIS = YES;
				CLANG_WARN_STRICT_PROTOTYPES = YES;
				CLANG_WARN_SUSPICIOUS_MOVE = YES;
				CLANG_WARN_UNGUARDED_AVAILABILITY = YES_AGGRESSIVE;
				CLANG_WARN_UNREACHABLE_CODE = YES;
				CLANG_WARN__DUPLICATE_METHOD_MATCH = YES;
				COPY_PHASE_STRIP = NO;
				DEBUG_INFORMATION_FORMAT = "dwarf-with-dsym";
				DEVELOPMENT_TEAM = 594BDWKT53;
				ENABLE_NS_ASSERTIONS = NO;
				ENABLE_STRICT_OBJC_MSGSEND = YES;
				ENABLE_USER_SCRIPT_SANDBOXING = YES;
				GCC_C_LANGUAGE_STANDARD = gnu17;
				GCC_NO_COMMON_BLOCKS = YES;
				GCC_WARN_64_TO_32_BIT_CONVERSION = YES;
				GCC_WARN_ABOUT_RETURN_TYPE = YES_ERROR;
				GCC_WARN_UNDECLARED_SELECTOR = YES;
				GCC_WARN_UNINITIALIZED_AUTOS = YES_AGGRESSIVE;
				GCC_WARN_UNUSED_FUNCTION = YES;
				GCC_WARN_UNUSED_VARIABLE = YES;
				IPHONEOS_DEPLOYMENT_TARGET = 16.0;
				LOCALIZATION_PREFERS_STRING_CATALOGS = YES;
				MTL_ENABLE_DEBUG_INFO = NO;
				MTL_FAST_MATH = YES;
				SDKROOT = iphoneos;
				STRING_CATALOG_GENERATE_SYMBOLS = YES;
				SWIFT_COMPILATION_MODE = wholemodule;
				VALIDATE_PRODUCT = YES;
			};
			name = Release;
		};
		7A1234621234567890ABCDEF /* Debug */ = {
			isa = XCBuildConfiguration;
			buildSettings = {
				ASSETCATALOG_COMPILER_APPICON_NAME = AppIcon;
				ASSETCATALOG_COMPILER_GLOBAL_ACCENT_COLOR_NAME = AccentColor;
				CODE_SIGN_ENTITLEMENTS = HobbyApp/HobbyAppDebug.entitlements;
				CODE_SIGN_STYLE = Automatic;
				CURRENT_PROJECT_VERSION = 1;
				DEVELOPMENT_ASSET_PATHS = "\"HobbyApp/Preview Content\"";
				DEVELOPMENT_TEAM = 594BDWKT53;
				ENABLE_PREVIEWS = YES;
				GENERATE_INFOPLIST_FILE = YES;
				INFOPLIST_FILE = HobbyApp/Info.plist;
				INFOPLIST_KEY_CFBundleDisplayName = Hobbyist;
				INFOPLIST_KEY_ITSAppUsesNonExemptEncryption = NO;
				INFOPLIST_KEY_NSCalendarsUsageDescription = "Hobbyist can add your booked classes and workshops to your calendar, ensuring you never miss a session and can plan your creative schedule.";
				INFOPLIST_KEY_NSCameraUsageDescription = "Hobbyist needs camera access to let you take profile photos and capture memories from your classes to share with the community.";
				INFOPLIST_KEY_NSContactsUsageDescription = "Hobbyist can access your contacts to help you invite friends to join classes together and build connections in your local creative community.";
				INFOPLIST_KEY_NSFaceIDUsageDescription = "Hobbyist uses Face ID and Touch ID to securely authenticate your account access and protect your payment information during checkout.";
				INFOPLIST_KEY_NSLocationAlwaysAndWhenInUseUsageDescription = "Hobbyist uses your location to show nearby classes and studios, helping you discover activities within your preferred distance and get accurate travel times.";
				INFOPLIST_KEY_NSLocationWhenInUseUsageDescription = "Hobbyist uses your location to show nearby classes and studios, helping you discover activities within your preferred distance and get accurate travel times.";
				INFOPLIST_KEY_NSPhotoLibraryUsageDescription = "Hobbyist needs photo library access to let you select profile pictures and upload photos from your creative classes and workshops.";
				INFOPLIST_KEY_NSRemindersUsageDescription = "Hobbyist can create reminders for your upcoming classes, workshop deadlines, and important events so you stay engaged with your hobbies.";
				INFOPLIST_KEY_UIApplicationSupportsIndirectInputEvents = YES;
				INFOPLIST_KEY_UIRequiredDeviceCapabilities = armv7;
				INFOPLIST_KEY_UISupportedInterfaceOrientations = "UIInterfaceOrientationPortrait UIInterfaceOrientationLandscapeLeft UIInterfaceOrientationLandscapeRight";
				INFOPLIST_KEY_UISupportedInterfaceOrientations_iPad = "UIInterfaceOrientationPortrait UIInterfaceOrientationPortraitUpsideDown UIInterfaceOrientationLandscapeLeft UIInterfaceOrientationLandscapeRight";
				INFOPLIST_KEY_UISupportedInterfaceOrientations_iPhone = "UIInterfaceOrientationPortrait UIInterfaceOrientationLandscapeLeft UIInterfaceOrientationLandscapeRight";
				IPHONEOS_DEPLOYMENT_TARGET = 16.0;
				LD_RUNPATH_SEARCH_PATHS = (
					"$(inherited)",
					"@executable_path/Frameworks",
				);
				MARKETING_VERSION = 1.0;
				PRODUCT_BUNDLE_IDENTIFIER = com.hobbyist.bookingapp;
				PRODUCT_NAME = "$(TARGET_NAME)";
				PROVISIONING_PROFILE_SPECIFIER = "";
				SWIFT_EMIT_LOC_STRINGS = YES;
				SWIFT_VERSION = 5.0;
				TARGETED_DEVICE_FAMILY = "1,2";
			};
			name = Debug;
		};
		7A1234631234567890ABCDEF /* Release */ = {
			isa = XCBuildConfiguration;
			buildSettings = {
				ASSETCATALOG_COMPILER_APPICON_NAME = AppIcon;
				ASSETCATALOG_COMPILER_GLOBAL_ACCENT_COLOR_NAME = AccentColor;
				CODE_SIGN_ENTITLEMENTS = iOS/HobbyApp/HobbyAppRelease.entitlements;
				CODE_SIGN_STYLE = Automatic;
				CURRENT_PROJECT_VERSION = 1;
				DEVELOPMENT_ASSET_PATHS = "\"HobbyApp/Preview Content\"";
				DEVELOPMENT_TEAM = 594BDWKT53;
				ENABLE_PREVIEWS = YES;
				GENERATE_INFOPLIST_FILE = YES;
				INFOPLIST_FILE = HobbyApp/Info.plist;
				INFOPLIST_KEY_CFBundleDisplayName = Hobbyist;
				INFOPLIST_KEY_ITSAppUsesNonExemptEncryption = NO;
				INFOPLIST_KEY_NSCalendarsUsageDescription = "Hobbyist can add your booked classes and workshops to your calendar, ensuring you never miss a session and can plan your creative schedule.";
				INFOPLIST_KEY_NSCameraUsageDescription = "Hobbyist needs camera access to let you take profile photos and capture memories from your classes to share with the community.";
				INFOPLIST_KEY_NSContactsUsageDescription = "Hobbyist can access your contacts to help you invite friends to join classes together and build connections in your local creative community.";
				INFOPLIST_KEY_NSFaceIDUsageDescription = "Hobbyist uses Face ID and Touch ID to securely authenticate your account access and protect your payment information during checkout.";
				INFOPLIST_KEY_NSLocationAlwaysAndWhenInUseUsageDescription = "Hobbyist uses your location to show nearby classes and studios, helping you discover activities within your preferred distance and get accurate travel times.";
				INFOPLIST_KEY_NSLocationWhenInUseUsageDescription = "Hobbyist uses your location to show nearby classes and studios, helping you discover activities within your preferred distance and get accurate travel times.";
				INFOPLIST_KEY_NSPhotoLibraryUsageDescription = "Hobbyist needs photo library access to let you select profile pictures and upload photos from your creative classes and workshops.";
				INFOPLIST_KEY_NSRemindersUsageDescription = "Hobbyist can create reminders for your upcoming classes, workshop deadlines, and important events so you stay engaged with your hobbies.";
				INFOPLIST_KEY_UIApplicationSupportsIndirectInputEvents = YES;
				INFOPLIST_KEY_UIRequiredDeviceCapabilities = armv7;
				INFOPLIST_KEY_UISupportedInterfaceOrientations = "UIInterfaceOrientationPortrait UIInterfaceOrientationLandscapeLeft UIInterfaceOrientationLandscapeRight";
				INFOPLIST_KEY_UISupportedInterfaceOrientations_iPad = "UIInterfaceOrientationPortrait UIInterfaceOrientationPortraitUpsideDown UIInterfaceOrientationLandscapeLeft UIInterfaceOrientationLandscapeRight";
				INFOPLIST_KEY_UISupportedInterfaceOrientations_iPhone = "UIInterfaceOrientationPortrait UIInterfaceOrientationLandscapeLeft UIInterfaceOrientationLandscapeRight";
				IPHONEOS_DEPLOYMENT_TARGET = 16.0;
				LD_RUNPATH_SEARCH_PATHS = (
					"$(inherited)",
					"@executable_path/Frameworks",
				);
				MARKETING_VERSION = 1.0;
				PRODUCT_BUNDLE_IDENTIFIER = com.hobbyist.bookingapp;
				PRODUCT_NAME = "$(TARGET_NAME)";
				PROVISIONING_PROFILE_SPECIFIER = "";
				SWIFT_EMIT_LOC_STRINGS = YES;
				SWIFT_VERSION = 5.0;
				TARGETED_DEVICE_FAMILY = "1,2";
			};
			name = Release;
		};
/* End XCBuildConfiguration section */

/* Begin XCConfigurationList section */
		7A12344D1234567890ABCDEF /* Build configuration list for PBXProject "HobbyApp" */ = {
			isa = XCConfigurationList;
			buildConfigurations = (
				7A12345F1234567890ABCDEF /* Debug */,
				7A1234601234567890ABCDEF /* Release */,
			);
			defaultConfigurationIsVisible = 0;
			defaultConfigurationName = Release;
		};
		7A1234611234567890ABCDEF /* Build configuration list for PBXNativeTarget "HobbyApp" */ = {
			isa = XCConfigurationList;
			buildConfigurations = (
				7A1234621234567890ABCDEF /* Debug */,
				7A1234631234567890ABCDEF /* Release */,
			);
			defaultConfigurationIsVisible = 0;
			defaultConfigurationName = Release;
		};
/* End XCConfigurationList section */

/* Begin XCRemoteSwiftPackageReference section */
		E2D7A4592E8A2BDB00044E9B /* XCRemoteSwiftPackageReference "GoogleSignIn-iOS" */ = {
			isa = XCRemoteSwiftPackageReference;
			repositoryURL = "https://github.com/google/GoogleSignIn-iOS";
			requirement = {
				kind = upToNextMajorVersion;
				minimumVersion = 9.0.0;
			};
		};
		E2E73DEC2E764B4800994856 /* XCRemoteSwiftPackageReference "supabase-swift" */ = {
			isa = XCRemoteSwiftPackageReference;
			repositoryURL = "https://github.com/supabase/supabase-swift";
			requirement = {
				kind = upToNextMajorVersion;
				minimumVersion = 2.36.0;
			};
		};
/* End XCRemoteSwiftPackageReference section */

/* Begin XCSwiftPackageProductDependency section */
		E2D7A45A2E8A2BDB00044E9B /* GoogleSignIn */ = {
			isa = XCSwiftPackageProductDependency;
			package = E2D7A4592E8A2BDB00044E9B /* XCRemoteSwiftPackageReference "GoogleSignIn-iOS" */;
			productName = GoogleSignIn;
		};
		E2D7A45C2E8A2BDB00044E9B /* GoogleSignInSwift */ = {
			isa = XCSwiftPackageProductDependency;
			package = E2D7A4592E8A2BDB00044E9B /* XCRemoteSwiftPackageReference "GoogleSignIn-iOS" */;
			productName = GoogleSignInSwift;
		};
		E2D7A45F2E8A2D9700044E9B /* GoogleSignIn */ = {
			isa = XCSwiftPackageProductDependency;
			package = E2D7A4592E8A2BDB00044E9B /* XCRemoteSwiftPackageReference "GoogleSignIn-iOS" */;
			productName = GoogleSignIn;
		};
		E2D7A4612E8A2D9700044E9B /* GoogleSignInSwift */ = {
			isa = XCSwiftPackageProductDependency;
			package = E2D7A4592E8A2BDB00044E9B /* XCRemoteSwiftPackageReference "GoogleSignIn-iOS" */;
			productName = GoogleSignInSwift;
		};
		E2E73DED2E764B4800994856 /* Auth */ = {
			isa = XCSwiftPackageProductDependency;
			package = E2E73DEC2E764B4800994856 /* XCRemoteSwiftPackageReference "supabase-swift" */;
			productName = Auth;
		};
		E2E73DEF2E764B4800994856 /* Functions */ = {
			isa = XCSwiftPackageProductDependency;
			package = E2E73DEC2E764B4800994856 /* XCRemoteSwiftPackageReference "supabase-swift" */;
			productName = Functions;
		};
		E2E73DF12E764B4800994856 /* PostgREST */ = {
			isa = XCSwiftPackageProductDependency;
			package = E2E73DEC2E764B4800994856 /* XCRemoteSwiftPackageReference "supabase-swift" */;
			productName = PostgREST;
		};
		E2E73DF32E764B4800994856 /* Realtime */ = {
			isa = XCSwiftPackageProductDependency;
			package = E2E73DEC2E764B4800994856 /* XCRemoteSwiftPackageReference "supabase-swift" */;
			productName = Realtime;
		};
		E2E73DF52E764B4800994856 /* Storage */ = {
			isa = XCSwiftPackageProductDependency;
			package = E2E73DEC2E764B4800994856 /* XCRemoteSwiftPackageReference "supabase-swift" */;
			productName = Storage;
		};
		E2E73DF82E764DF500994856 /* Supabase */ = {
			isa = XCSwiftPackageProductDependency;
			package = E2E73DEC2E764B4800994856 /* XCRemoteSwiftPackageReference "supabase-swift" */;
			productName = Supabase;
		};
/* End XCSwiftPackageProductDependency section */
	};
	rootObject = 7A12344A1234567890ABCDEF /* Project object */;
}
