<?xml version="1.0" encoding="UTF-8"?>
<!DOCTYPE plist PUBLIC "-//Apple//DTD PLIST 1.0//EN" "http://www.apple.com/DTDs/PropertyList-1.0.dtd">
<plist version="1.0">
<dict>
	<key>archiveVersion</key>
	<string>1</string>
	<key>classes</key>
	<dict/>
	<key>objectVersion</key>
	<string>56</string>
	<key>objects</key>
	<dict>
		<key>7A1234491234567890ABCDEF</key>
		<dict>
			<key>children</key>
			<array>
				<string>7A1234541234567890ABCDEF</string>
				<string>E2E73DF72E764DF500994856</string>
				<string>7A1234531234567890ABCDEF</string>
			</array>
			<key>isa</key>
			<string>PBXGroup</string>
			<key>sourceTree</key>
			<string>&lt;group&gt;</string>
		</dict>
		<key>7A12344A1234567890ABCDEF</key>
		<dict>
			<key>attributes</key>
			<dict>
				<key>BuildIndependentTargetsInParallel</key>
				<string>1</string>
				<key>LastSwiftUpdateCheck</key>
				<string>1500</string>
				<key>LastUpgradeCheck</key>
				<string>2600</string>
				<key>TargetAttributes</key>
				<dict>
					<key>7A1234511234567890ABCDEF</key>
					<dict>
						<key>CreatedOnToolsVersion</key>
						<string>15.0</string>
					</dict>
				</dict>
			</dict>
			<key>buildConfigurationList</key>
			<string>7A12344D1234567890ABCDEF</string>
			<key>compatibilityVersion</key>
			<string>Xcode 14.0</string>
			<key>developmentRegion</key>
			<string>en</string>
			<key>hasScannedForEncodings</key>
			<string>0</string>
			<key>isa</key>
			<string>PBXProject</string>
			<key>knownRegions</key>
			<array>
				<string>en</string>
				<string>Base</string>
			</array>
			<key>mainGroup</key>
			<string>7A1234491234567890ABCDEF</string>
			<key>packageReferences</key>
			<array>
				<string>E2E73DEC2E764B4800994856</string>
			</array>
			<key>productRefGroup</key>
			<string>7A1234531234567890ABCDEF</string>
			<key>projectDirPath</key>
			<string></string>
			<key>projectRoot</key>
			<string></string>
			<key>targets</key>
			<array>
				<string>7A1234511234567890ABCDEF</string>
			</array>
		</dict>
		<key>7A12344D1234567890ABCDEF</key>
		<dict>
			<key>buildConfigurations</key>
			<array>
				<string>7A12345F1234567890ABCDEF</string>
				<string>7A1234601234567890ABCDEF</string>
			</array>
			<key>defaultConfigurationIsVisible</key>
			<string>0</string>
			<key>defaultConfigurationName</key>
			<string>Release</string>
			<key>isa</key>
			<string>XCConfigurationList</string>
		</dict>
		<key>7A12344E1234567890ABCDEF</key>
		<dict>
			<key>buildActionMask</key>
			<string>2147483647</string>
			<key>files</key>
			<array>
				<string>E2E73DFB2E7650E600994856</string>
				<string>E2E73DFD2E7651DA00994856</string>
				<string>E2E73E012E76521100994856</string>
				<string>7A1234581234567890ABCDEF</string>
				<string>7A1234561234567890ABCDEF</string>
				<string>E2E73DFF2E7651EC00994856</string>
				<string>E2E73E091234567890ABCDEF</string>
				<string>E2E73E131234567890ABCDEF</string>
				<string>E2E73E291234567890ABCDEF</string>
				<string>E2E73E251234567890ABCDEF</string>
				<string>E2E73E2B1234567890ABCDEF</string>
				<string>E2E73E331234567890ABCDEF</string>
				<string>E2E73E351234567890ABCDEF</string>
				<string>E2E73E391234567890ABCDEF</string>
				<string>E2E73E3B1234567890ABCDEF</string>
				<string>E2E73E3D1234567890ABCDEF</string>
				<string>E2E73E431234567890ABCDEF</string>
				<string>E2E73E4D1234567890ABCDEF</string>
				<string>E2E73E491234567890ABCDEF</string>
				<string>E2E73E451234567890ABCDEF</string>
				<string>E2E73E471234567890ABCDEF</string>
				<string>E2E73E511234567890ABCDEF</string>
				<string>E2E73E691234567890ABCDEF</string>
				<string>E2E73E521234567890ABCDFF</string>
				<string>E2E73E0B1234567890ABCDEF</string>
				<string>E2E73E0F1234567890ABCDEF</string>
				<string>E2E73EA51234567890ABCDEF</string>
				<string>E2E73EA71234567890ABCDEF</string>
				<string>E2E73EA91234567890ABCDEF</string>
			</array>
			<key>isa</key>
			<string>PBXSourcesBuildPhase</string>
			<key>runOnlyForDeploymentPostprocessing</key>
			<string>0</string>
		</dict>
		<key>7A12344F1234567890ABCDEF</key>
		<dict>
			<key>buildActionMask</key>
			<string>2147483647</string>
			<key>files</key>
			<array>
				<string>E2E73DF22E764B4800994856</string>
				<string>E2E73DF02E764B4800994856</string>
				<string>E2E73DF92E764DF500994856</string>
				<string>E2E73DEE2E764B4800994856</string>
				<string>E2E73DF62E764B4800994856</string>
				<string>E2E73DF42E764B4800994856</string>
			</array>
			<key>isa</key>
			<string>PBXFrameworksBuildPhase</string>
			<key>runOnlyForDeploymentPostprocessing</key>
			<string>0</string>
		</dict>
		<key>7A1234501234567890ABCDEF</key>
		<dict>
			<key>buildActionMask</key>
			<string>2147483647</string>
			<key>files</key>
			<array>
				<string>7A12345D1234567890ABCDEF</string>
				<string>7A12345A1234567890ABCDEF</string>
			</array>
			<key>isa</key>
			<string>PBXResourcesBuildPhase</string>
			<key>runOnlyForDeploymentPostprocessing</key>
			<string>0</string>
		</dict>
		<key>7A1234511234567890ABCDEF</key>
		<dict>
			<key>buildConfigurationList</key>
			<string>7A1234611234567890ABCDEF</string>
			<key>buildPhases</key>
			<array>
				<string>7A12344E1234567890ABCDEF</string>
				<string>7A12344F1234567890ABCDEF</string>
				<string>7A1234501234567890ABCDEF</string>
			</array>
			<key>buildRules</key>
			<array/>
			<key>dependencies</key>
			<array/>
			<key>isa</key>
			<string>PBXNativeTarget</string>
			<key>name</key>
			<string>HobbyistSwiftUI</string>
			<key>productName</key>
			<string>HobbyistSwiftUI</string>
			<key>productReference</key>
			<string>7A1234521234567890ABCDEF</string>
			<key>productType</key>
			<string>com.apple.product-type.application</string>
		</dict>
		<key>7A1234521234567890ABCDEF</key>
		<dict>
			<key>explicitFileType</key>
			<string>wrapper.application</string>
			<key>includeInIndex</key>
			<string>0</string>
			<key>isa</key>
			<string>PBXFileReference</string>
			<key>path</key>
			<string>HobbyistSwiftUI.app</string>
			<key>sourceTree</key>
			<string>BUILT_PRODUCTS_DIR</string>
		</dict>
		<key>7A1234531234567890ABCDEF</key>
		<dict>
			<key>children</key>
			<array>
				<string>7A1234521234567890ABCDEF</string>
			</array>
			<key>isa</key>
			<string>PBXGroup</string>
			<key>name</key>
			<string>Products</string>
			<key>sourceTree</key>
			<string>&lt;group&gt;</string>
		</dict>
		<key>7A1234541234567890ABCDEF</key>
		<dict>
			<key>children</key>
			<array>
				<string>7A1234551234567890ABCDEF</string>
				<string>7A1234571234567890ABCDEF</string>
				<string>E2E73E1A1234567890ABCDEF</string>
				<string>E2E73EB41234567890ABCDEF</string>
				<string>E2E73EB51234567890ABCDEF</string>
				<string>E2E73E042E76522F00994856</string>
				<string>E2E73E032E76522A00994856</string>
				<string>E2E73EB61234567890ABCDEF</string>
				<string>E2E73EB71234567890ABCDEF</string>
				<string>7A1234591234567890ABCDEF</string>
				<string>7A12345E1234567890ABCDEF</string>
				<string>7A12345B1234567890ABCDEF</string>
			</array>
			<key>isa</key>
			<string>PBXGroup</string>
			<key>path</key>
			<string>HobbyistSwiftUI</string>
			<key>sourceTree</key>
			<string>&lt;group&gt;</string>
		</dict>
		<key>7A1234551234567890ABCDEF</key>
		<dict>
			<key>isa</key>
			<string>PBXFileReference</string>
			<key>lastKnownFileType</key>
			<string>sourcecode.swift</string>
			<key>path</key>
			<string>HobbyistSwiftUIApp.swift</string>
			<key>sourceTree</key>
			<string>&lt;group&gt;</string>
		</dict>
		<key>7A1234561234567890ABCDEF</key>
		<dict>
			<key>fileRef</key>
			<string>7A1234551234567890ABCDEF</string>
			<key>isa</key>
			<string>PBXBuildFile</string>
		</dict>
		<key>7A1234571234567890ABCDEF</key>
		<dict>
			<key>isa</key>
			<string>PBXFileReference</string>
			<key>lastKnownFileType</key>
			<string>sourcecode.swift</string>
			<key>path</key>
			<string>ContentView.swift</string>
			<key>sourceTree</key>
			<string>&lt;group&gt;</string>
		</dict>
		<key>7A1234581234567890ABCDEF</key>
		<dict>
			<key>fileRef</key>
			<string>7A1234571234567890ABCDEF</string>
			<key>isa</key>
			<string>PBXBuildFile</string>
		</dict>
		<key>7A1234591234567890ABCDEF</key>
		<dict>
			<key>isa</key>
			<string>PBXFileReference</string>
			<key>lastKnownFileType</key>
			<string>folder.assetcatalog</string>
			<key>path</key>
			<string>Assets.xcassets</string>
			<key>sourceTree</key>
			<string>&lt;group&gt;</string>
		</dict>
		<key>7A12345A1234567890ABCDEF</key>
		<dict>
			<key>fileRef</key>
			<string>7A1234591234567890ABCDEF</string>
			<key>isa</key>
			<string>PBXBuildFile</string>
		</dict>
		<key>7A12345B1234567890ABCDEF</key>
		<dict>
			<key>children</key>
			<array>
				<string>7A12345C1234567890ABCDEF</string>
			</array>
			<key>isa</key>
			<string>PBXGroup</string>
			<key>path</key>
			<string>Preview Content</string>
			<key>sourceTree</key>
			<string>&lt;group&gt;</string>
		</dict>
		<key>7A12345C1234567890ABCDEF</key>
		<dict>
			<key>isa</key>
			<string>PBXFileReference</string>
			<key>lastKnownFileType</key>
			<string>folder.assetcatalog</string>
			<key>path</key>
			<string>Preview Assets.xcassets</string>
			<key>sourceTree</key>
			<string>&lt;group&gt;</string>
		</dict>
		<key>7A12345D1234567890ABCDEF</key>
		<dict>
			<key>fileRef</key>
			<string>7A12345C1234567890ABCDEF</string>
			<key>isa</key>
			<string>PBXBuildFile</string>
		</dict>
		<key>7A12345E1234567890ABCDEF</key>
		<dict>
			<key>isa</key>
			<string>PBXFileReference</string>
			<key>lastKnownFileType</key>
			<string>text.plist.xml</string>
			<key>path</key>
			<string>Info.plist</string>
			<key>sourceTree</key>
			<string>&lt;group&gt;</string>
		</dict>
		<key>7A12345F1234567890ABCDEF</key>
		<dict>
			<key>buildSettings</key>
			<dict>
				<key>ALWAYS_SEARCH_USER_PATHS</key>
				<string>NO</string>
				<key>ASSETCATALOG_COMPILER_GENERATE_SWIFT_ASSET_SYMBOL_EXTENSIONS</key>
				<string>YES</string>
				<key>CLANG_ANALYZER_NONNULL</key>
				<string>YES</string>
				<key>CLANG_ANALYZER_NUMBER_OBJECT_CONVERSION</key>
				<string>YES_AGGRESSIVE</string>
				<key>CLANG_CXX_LANGUAGE_STANDARD</key>
				<string>gnu++20</string>
				<key>CLANG_ENABLE_MODULES</key>
				<string>YES</string>
				<key>CLANG_ENABLE_OBJC_ARC</key>
				<string>YES</string>
				<key>CLANG_ENABLE_OBJC_WEAK</key>
				<string>YES</string>
				<key>CLANG_WARN_BLOCK_CAPTURE_AUTORELEASING</key>
				<string>YES</string>
				<key>CLANG_WARN_BOOL_CONVERSION</key>
				<string>YES</string>
				<key>CLANG_WARN_COMMA</key>
				<string>YES</string>
				<key>CLANG_WARN_CONSTANT_CONVERSION</key>
				<string>YES</string>
				<key>CLANG_WARN_DEPRECATED_OBJC_IMPLEMENTATIONS</key>
				<string>YES</string>
				<key>CLANG_WARN_DIRECT_OBJC_ISA_USAGE</key>
				<string>YES_ERROR</string>
				<key>CLANG_WARN_DOCUMENTATION_COMMENTS</key>
				<string>YES</string>
				<key>CLANG_WARN_EMPTY_BODY</key>
				<string>YES</string>
				<key>CLANG_WARN_ENUM_CONVERSION</key>
				<string>YES</string>
				<key>CLANG_WARN_INFINITE_RECURSION</key>
				<string>YES</string>
				<key>CLANG_WARN_INT_CONVERSION</key>
				<string>YES</string>
				<key>CLANG_WARN_NON_LITERAL_NULL_CONVERSION</key>
				<string>YES</string>
				<key>CLANG_WARN_OBJC_IMPLICIT_RETAIN_SELF</key>
				<string>YES</string>
				<key>CLANG_WARN_OBJC_LITERAL_CONVERSION</key>
				<string>YES</string>
				<key>CLANG_WARN_OBJC_ROOT_CLASS</key>
				<string>YES_ERROR</string>
				<key>CLANG_WARN_QUOTED_INCLUDE_IN_FRAMEWORK_HEADER</key>
				<string>YES</string>
				<key>CLANG_WARN_RANGE_LOOP_ANALYSIS</key>
				<string>YES</string>
				<key>CLANG_WARN_STRICT_PROTOTYPES</key>
				<string>YES</string>
				<key>CLANG_WARN_SUSPICIOUS_MOVE</key>
				<string>YES</string>
				<key>CLANG_WARN_UNGUARDED_AVAILABILITY</key>
				<string>YES_AGGRESSIVE</string>
				<key>CLANG_WARN_UNREACHABLE_CODE</key>
				<string>YES</string>
				<key>CLANG_WARN__DUPLICATE_METHOD_MATCH</key>
				<string>YES</string>
				<key>COPY_PHASE_STRIP</key>
				<string>NO</string>
				<key>DEBUG_INFORMATION_FORMAT</key>
				<string>dwarf</string>
				<key>DEVELOPMENT_TEAM</key>
				<string>594BDWKT53</string>
				<key>ENABLE_STRICT_OBJC_MSGSEND</key>
				<string>YES</string>
				<key>ENABLE_TESTABILITY</key>
				<string>YES</string>
				<key>ENABLE_USER_SCRIPT_SANDBOXING</key>
				<string>YES</string>
				<key>GCC_C_LANGUAGE_STANDARD</key>
				<string>gnu17</string>
				<key>GCC_DYNAMIC_NO_PIC</key>
				<string>NO</string>
				<key>GCC_NO_COMMON_BLOCKS</key>
				<string>YES</string>
				<key>GCC_OPTIMIZATION_LEVEL</key>
				<string>0</string>
				<key>GCC_PREPROCESSOR_DEFINITIONS</key>
				<array>
					<string>DEBUG=1</string>
					<string>$(inherited)</string>
				</array>
				<key>GCC_WARN_64_TO_32_BIT_CONVERSION</key>
				<string>YES</string>
				<key>GCC_WARN_ABOUT_RETURN_TYPE</key>
				<string>YES_ERROR</string>
				<key>GCC_WARN_UNDECLARED_SELECTOR</key>
				<string>YES</string>
				<key>GCC_WARN_UNINITIALIZED_AUTOS</key>
				<string>YES_AGGRESSIVE</string>
				<key>GCC_WARN_UNUSED_FUNCTION</key>
				<string>YES</string>
				<key>GCC_WARN_UNUSED_VARIABLE</key>
				<string>YES</string>
				<key>IPHONEOS_DEPLOYMENT_TARGET</key>
				<string>16.0</string>
				<key>LOCALIZATION_PREFERS_STRING_CATALOGS</key>
				<string>YES</string>
				<key>MTL_ENABLE_DEBUG_INFO</key>
				<string>INCLUDE_SOURCE</string>
				<key>MTL_FAST_MATH</key>
				<string>YES</string>
				<key>ONLY_ACTIVE_ARCH</key>
				<string>YES</string>
				<key>SDKROOT</key>
				<string>iphoneos</string>
				<key>STRING_CATALOG_GENERATE_SYMBOLS</key>
				<string>YES</string>
				<key>SWIFT_ACTIVE_COMPILATION_CONDITIONS</key>
				<string>DEBUG $(inherited)</string>
				<key>SWIFT_OPTIMIZATION_LEVEL</key>
				<string>-Onone</string>
			</dict>
			<key>isa</key>
			<string>XCBuildConfiguration</string>
			<key>name</key>
			<string>Debug</string>
		</dict>
		<key>7A1234601234567890ABCDEF</key>
		<dict>
			<key>buildSettings</key>
			<dict>
				<key>ALWAYS_SEARCH_USER_PATHS</key>
				<string>NO</string>
				<key>ASSETCATALOG_COMPILER_GENERATE_SWIFT_ASSET_SYMBOL_EXTENSIONS</key>
				<string>YES</string>
				<key>CLANG_ANALYZER_NONNULL</key>
				<string>YES</string>
				<key>CLANG_ANALYZER_NUMBER_OBJECT_CONVERSION</key>
				<string>YES_AGGRESSIVE</string>
				<key>CLANG_CXX_LANGUAGE_STANDARD</key>
				<string>gnu++20</string>
				<key>CLANG_ENABLE_MODULES</key>
				<string>YES</string>
				<key>CLANG_ENABLE_OBJC_ARC</key>
				<string>YES</string>
				<key>CLANG_ENABLE_OBJC_WEAK</key>
				<string>YES</string>
				<key>CLANG_WARN_BLOCK_CAPTURE_AUTORELEASING</key>
				<string>YES</string>
				<key>CLANG_WARN_BOOL_CONVERSION</key>
				<string>YES</string>
				<key>CLANG_WARN_COMMA</key>
				<string>YES</string>
				<key>CLANG_WARN_CONSTANT_CONVERSION</key>
				<string>YES</string>
				<key>CLANG_WARN_DEPRECATED_OBJC_IMPLEMENTATIONS</key>
				<string>YES</string>
				<key>CLANG_WARN_DIRECT_OBJC_ISA_USAGE</key>
				<string>YES_ERROR</string>
				<key>CLANG_WARN_DOCUMENTATION_COMMENTS</key>
				<string>YES</string>
				<key>CLANG_WARN_EMPTY_BODY</key>
				<string>YES</string>
				<key>CLANG_WARN_ENUM_CONVERSION</key>
				<string>YES</string>
				<key>CLANG_WARN_INFINITE_RECURSION</key>
				<string>YES</string>
				<key>CLANG_WARN_INT_CONVERSION</key>
				<string>YES</string>
				<key>CLANG_WARN_NON_LITERAL_NULL_CONVERSION</key>
				<string>YES</string>
				<key>CLANG_WARN_OBJC_IMPLICIT_RETAIN_SELF</key>
				<string>YES</string>
				<key>CLANG_WARN_OBJC_LITERAL_CONVERSION</key>
				<string>YES</string>
				<key>CLANG_WARN_OBJC_ROOT_CLASS</key>
				<string>YES_ERROR</string>
				<key>CLANG_WARN_QUOTED_INCLUDE_IN_FRAMEWORK_HEADER</key>
				<string>YES</string>
				<key>CLANG_WARN_RANGE_LOOP_ANALYSIS</key>
				<string>YES</string>
				<key>CLANG_WARN_STRICT_PROTOTYPES</key>
				<string>YES</string>
				<key>CLANG_WARN_SUSPICIOUS_MOVE</key>
				<string>YES</string>
				<key>CLANG_WARN_UNGUARDED_AVAILABILITY</key>
				<string>YES_AGGRESSIVE</string>
				<key>CLANG_WARN_UNREACHABLE_CODE</key>
				<string>YES</string>
				<key>CLANG_WARN__DUPLICATE_METHOD_MATCH</key>
				<string>YES</string>
				<key>COPY_PHASE_STRIP</key>
				<string>NO</string>
				<key>DEBUG_INFORMATION_FORMAT</key>
				<string>dwarf-with-dsym</string>
				<key>DEVELOPMENT_TEAM</key>
				<string>594BDWKT53</string>
				<key>ENABLE_NS_ASSERTIONS</key>
				<string>NO</string>
				<key>ENABLE_STRICT_OBJC_MSGSEND</key>
				<string>YES</string>
				<key>ENABLE_USER_SCRIPT_SANDBOXING</key>
				<string>YES</string>
				<key>GCC_C_LANGUAGE_STANDARD</key>
				<string>gnu17</string>
				<key>GCC_NO_COMMON_BLOCKS</key>
				<string>YES</string>
				<key>GCC_WARN_64_TO_32_BIT_CONVERSION</key>
				<string>YES</string>
				<key>GCC_WARN_ABOUT_RETURN_TYPE</key>
				<string>YES_ERROR</string>
				<key>GCC_WARN_UNDECLARED_SELECTOR</key>
				<string>YES</string>
				<key>GCC_WARN_UNINITIALIZED_AUTOS</key>
				<string>YES_AGGRESSIVE</string>
				<key>GCC_WARN_UNUSED_FUNCTION</key>
				<string>YES</string>
				<key>GCC_WARN_UNUSED_VARIABLE</key>
				<string>YES</string>
				<key>IPHONEOS_DEPLOYMENT_TARGET</key>
				<string>16.0</string>
				<key>LOCALIZATION_PREFERS_STRING_CATALOGS</key>
				<string>YES</string>
				<key>MTL_ENABLE_DEBUG_INFO</key>
				<string>NO</string>
				<key>MTL_FAST_MATH</key>
				<string>YES</string>
				<key>SDKROOT</key>
				<string>iphoneos</string>
				<key>STRING_CATALOG_GENERATE_SYMBOLS</key>
				<string>YES</string>
				<key>SWIFT_COMPILATION_MODE</key>
				<string>incremental</string>
				<key>VALIDATE_PRODUCT</key>
				<string>YES</string>
			</dict>
			<key>isa</key>
			<string>XCBuildConfiguration</string>
			<key>name</key>
			<string>Release</string>
		</dict>
		<key>7A1234611234567890ABCDEF</key>
		<dict>
			<key>buildConfigurations</key>
			<array>
				<string>7A1234621234567890ABCDEF</string>
				<string>7A1234631234567890ABCDEF</string>
			</array>
			<key>defaultConfigurationIsVisible</key>
			<string>0</string>
			<key>defaultConfigurationName</key>
			<string>Release</string>
			<key>isa</key>
			<string>XCConfigurationList</string>
		</dict>
		<key>7A1234621234567890ABCDEF</key>
		<dict>
			<key>buildSettings</key>
			<dict>
				<key>ASSETCATALOG_COMPILER_APPICON_NAME</key>
				<string>AppIcon</string>
				<key>ASSETCATALOG_COMPILER_GLOBAL_ACCENT_COLOR_NAME</key>
				<string>AccentColor</string>
				<key>CODE_SIGN_STYLE</key>
				<string>Automatic</string>
				<key>CURRENT_PROJECT_VERSION</key>
				<string>2</string>
				<key>DEVELOPMENT_ASSET_PATHS</key>
				<string>"HobbyistSwiftUI/Preview Content"</string>
				<key>ENABLE_PREVIEWS</key>
				<string>YES</string>
				<key>GENERATE_INFOPLIST_FILE</key>
				<string>YES</string>
				<key>INFOPLIST_FILE</key>
				<string>HobbyistSwiftUI/Info.plist</string>
				<key>INFOPLIST_KEY_UIApplicationSceneManifest_Generation</key>
				<string>YES</string>
				<key>INFOPLIST_KEY_UIApplicationSupportsIndirectInputEvents</key>
				<string>YES</string>
				<key>INFOPLIST_KEY_UILaunchScreen_Generation</key>
				<string>YES</string>
				<key>INFOPLIST_KEY_UISupportedInterfaceOrientations_iPad</key>
				<string>UIInterfaceOrientationPortrait UIInterfaceOrientationPortraitUpsideDown UIInterfaceOrientationLandscapeLeft UIInterfaceOrientationLandscapeRight</string>
				<key>INFOPLIST_KEY_UISupportedInterfaceOrientations_iPhone</key>
				<string>UIInterfaceOrientationPortrait UIInterfaceOrientationLandscapeLeft UIInterfaceOrientationLandscapeRight</string>
				<key>IPHONEOS_DEPLOYMENT_TARGET</key>
				<string>16.0</string>
				<key>LD_RUNPATH_SEARCH_PATHS</key>
				<array>
					<string>$(inherited)</string>
					<string>@executable_path/Frameworks</string>
				</array>
				<key>MARKETING_VERSION</key>
				<string>1.0</string>
				<key>PRODUCT_BUNDLE_IDENTIFIER</key>
				<string>com.hobbyist.app</string>
				<key>PRODUCT_NAME</key>
				<string>$(TARGET_NAME)</string>
				<key>SWIFT_EMIT_LOC_STRINGS</key>
				<string>YES</string>
				<key>SWIFT_VERSION</key>
				<string>5.0</string>
				<key>TARGETED_DEVICE_FAMILY</key>
				<string>1,2</string>
			</dict>
			<key>isa</key>
			<string>XCBuildConfiguration</string>
			<key>name</key>
			<string>Debug</string>
		</dict>
		<key>7A1234631234567890ABCDEF</key>
		<dict>
			<key>buildSettings</key>
			<dict>
				<key>ASSETCATALOG_COMPILER_APPICON_NAME</key>
				<string>AppIcon</string>
				<key>ASSETCATALOG_COMPILER_GLOBAL_ACCENT_COLOR_NAME</key>
				<string>AccentColor</string>
				<key>CODE_SIGN_STYLE</key>
				<string>Automatic</string>
				<key>CURRENT_PROJECT_VERSION</key>
				<string>2</string>
				<key>DEVELOPMENT_ASSET_PATHS</key>
				<string>"HobbyistSwiftUI/Preview Content"</string>
				<key>ENABLE_PREVIEWS</key>
				<string>YES</string>
				<key>GENERATE_INFOPLIST_FILE</key>
				<string>YES</string>
				<key>INFOPLIST_FILE</key>
				<string>HobbyistSwiftUI/Info.plist</string>
				<key>INFOPLIST_KEY_UIApplicationSceneManifest_Generation</key>
				<string>YES</string>
				<key>INFOPLIST_KEY_UIApplicationSupportsIndirectInputEvents</key>
				<string>YES</string>
				<key>INFOPLIST_KEY_UILaunchScreen_Generation</key>
				<string>YES</string>
				<key>INFOPLIST_KEY_UISupportedInterfaceOrientations_iPad</key>
				<string>UIInterfaceOrientationPortrait UIInterfaceOrientationPortraitUpsideDown UIInterfaceOrientationLandscapeLeft UIInterfaceOrientationLandscapeRight</string>
				<key>INFOPLIST_KEY_UISupportedInterfaceOrientations_iPhone</key>
				<string>UIInterfaceOrientationPortrait UIInterfaceOrientationLandscapeLeft UIInterfaceOrientationLandscapeRight</string>
				<key>IPHONEOS_DEPLOYMENT_TARGET</key>
				<string>16.0</string>
				<key>LD_RUNPATH_SEARCH_PATHS</key>
				<array>
					<string>$(inherited)</string>
					<string>@executable_path/Frameworks</string>
				</array>
				<key>MARKETING_VERSION</key>
				<string>1.0</string>
				<key>PRODUCT_BUNDLE_IDENTIFIER</key>
				<string>com.hobbyist.app</string>
				<key>PRODUCT_NAME</key>
				<string>$(TARGET_NAME)</string>
				<key>SWIFT_COMPILATION_MODE</key>
				<string>incremental</string>
				<key>SWIFT_EMIT_LOC_STRINGS</key>
				<string>YES</string>
				<key>SWIFT_OPTIMIZATION_LEVEL</key>
				<string>-Onone</string>
				<key>SWIFT_VERSION</key>
				<string>5.0</string>
				<key>TARGETED_DEVICE_FAMILY</key>
				<string>1,2</string>
			</dict>
			<key>isa</key>
			<string>XCBuildConfiguration</string>
			<key>name</key>
			<string>Release</string>
		</dict>
		<key>E2E73DEC2E764B4800994856</key>
		<dict>
			<key>isa</key>
			<string>XCRemoteSwiftPackageReference</string>
			<key>repositoryURL</key>
			<string>https://github.com/supabase/supabase-swift</string>
			<key>requirement</key>
			<dict>
				<key>kind</key>
				<string>upToNextMajorVersion</string>
				<key>minimumVersion</key>
				<string>2.5.1</string>
			</dict>
		</dict>
		<key>E2E73DED2E764B4800994856</key>
		<dict>
			<key>isa</key>
			<string>XCSwiftPackageProductDependency</string>
			<key>package</key>
			<string>E2E73DEC2E764B4800994856</string>
			<key>productName</key>
			<string>Auth</string>
		</dict>
		<key>E2E73DEE2E764B4800994856</key>
		<dict>
			<key>isa</key>
			<string>PBXBuildFile</string>
			<key>productRef</key>
			<string>E2E73DED2E764B4800994856</string>
		</dict>
		<key>E2E73DEF2E764B4800994856</key>
		<dict>
			<key>isa</key>
			<string>XCSwiftPackageProductDependency</string>
			<key>package</key>
			<string>E2E73DEC2E764B4800994856</string>
			<key>productName</key>
			<string>Functions</string>
		</dict>
		<key>E2E73DF02E764B4800994856</key>
		<dict>
			<key>isa</key>
			<string>PBXBuildFile</string>
			<key>productRef</key>
			<string>E2E73DEF2E764B4800994856</string>
		</dict>
		<key>E2E73DF12E764B4800994856</key>
		<dict>
			<key>isa</key>
			<string>XCSwiftPackageProductDependency</string>
			<key>package</key>
			<string>E2E73DEC2E764B4800994856</string>
			<key>productName</key>
			<string>PostgREST</string>
		</dict>
		<key>E2E73DF22E764B4800994856</key>
		<dict>
			<key>isa</key>
			<string>PBXBuildFile</string>
			<key>productRef</key>
			<string>E2E73DF12E764B4800994856</string>
		</dict>
		<key>E2E73DF32E764B4800994856</key>
		<dict>
			<key>isa</key>
			<string>XCSwiftPackageProductDependency</string>
			<key>package</key>
			<string>E2E73DEC2E764B4800994856</string>
			<key>productName</key>
			<string>Realtime</string>
		</dict>
		<key>E2E73DF42E764B4800994856</key>
		<dict>
			<key>isa</key>
			<string>PBXBuildFile</string>
			<key>productRef</key>
			<string>E2E73DF32E764B4800994856</string>
		</dict>
		<key>E2E73DF52E764B4800994856</key>
		<dict>
			<key>isa</key>
			<string>XCSwiftPackageProductDependency</string>
			<key>package</key>
			<string>E2E73DEC2E764B4800994856</string>
			<key>productName</key>
			<string>Storage</string>
		</dict>
		<key>E2E73DF62E764B4800994856</key>
		<dict>
			<key>isa</key>
			<string>PBXBuildFile</string>
			<key>productRef</key>
			<string>E2E73DF52E764B4800994856</string>
		</dict>
		<key>E2E73DF72E764DF500994856</key>
		<dict>
			<key>children</key>
			<array/>
			<key>isa</key>
			<string>PBXGroup</string>
			<key>name</key>
			<string>Frameworks</string>
			<key>sourceTree</key>
			<string>&lt;group&gt;</string>
		</dict>
		<key>E2E73DF82E764DF500994856</key>
		<dict>
			<key>isa</key>
			<string>XCSwiftPackageProductDependency</string>
			<key>package</key>
			<string>E2E73DEC2E764B4800994856</string>
			<key>productName</key>
			<string>Supabase</string>
		</dict>
		<key>E2E73DF92E764DF500994856</key>
		<dict>
			<key>isa</key>
			<string>PBXBuildFile</string>
			<key>productRef</key>
			<string>E2E73DF82E764DF500994856</string>
		</dict>
		<key>E2E73DFA2E7650E600994856</key>
		<dict>
			<key>isa</key>
			<string>PBXFileReference</string>
			<key>lastKnownFileType</key>
			<string>sourcecode.swift</string>
			<key>path</key>
			<string>Class.swift</string>
			<key>sourceTree</key>
			<string>&lt;group&gt;</string>
		</dict>
		<key>E2E73DFB2E7650E600994856</key>
		<dict>
			<key>fileRef</key>
			<string>E2E73DFA2E7650E600994856</string>
			<key>isa</key>
			<string>PBXBuildFile</string>
		</dict>
		<key>E2E73DFC2E7651DA00994856</key>
		<dict>
			<key>isa</key>
			<string>PBXFileReference</string>
			<key>lastKnownFileType</key>
			<string>sourcecode.swift</string>
			<key>path</key>
			<string>AuthenticationManager.swift</string>
			<key>sourceTree</key>
			<string>&lt;group&gt;</string>
		</dict>
		<key>E2E73DFD2E7651DA00994856</key>
		<dict>
			<key>fileRef</key>
			<string>E2E73DFC2E7651DA00994856</string>
			<key>isa</key>
			<string>PBXBuildFile</string>
		</dict>
		<key>E2E73DFE2E7651EC00994856</key>
		<dict>
			<key>isa</key>
			<string>PBXFileReference</string>
			<key>lastKnownFileType</key>
			<string>sourcecode.swift</string>
			<key>path</key>
			<string>NavigationManager.swift</string>
			<key>sourceTree</key>
			<string>&lt;group&gt;</string>
		</dict>
		<key>E2E73DFF2E7651EC00994856</key>
		<dict>
			<key>fileRef</key>
			<string>E2E73DFE2E7651EC00994856</string>
			<key>isa</key>
			<string>PBXBuildFile</string>
		</dict>
		<key>E2E73E002E76521100994856</key>
		<dict>
			<key>isa</key>
			<string>PBXFileReference</string>
			<key>lastKnownFileType</key>
			<string>sourcecode.swift</string>
			<key>path</key>
			<string>AppError.swift</string>
			<key>sourceTree</key>
			<string>&lt;group&gt;</string>
		</dict>
		<key>E2E73E012E76521100994856</key>
		<dict>
			<key>fileRef</key>
			<string>E2E73E002E76521100994856</string>
			<key>isa</key>
			<string>PBXBuildFile</string>
		</dict>
		<key>E2E73E032E76522A00994856</key>
		<dict>
			<key>children</key>
			<array>
				<string>E2E73E002E76521100994856</string>
				<string>E2E73DFA2E7650E600994856</string>
			</array>
			<key>isa</key>
			<string>PBXGroup</string>
			<key>path</key>
			<string>Models</string>
			<key>sourceTree</key>
			<string>&lt;group&gt;</string>
		</dict>
		<key>E2E73E041234567890ABCDEF</key>
		<dict>
			<key>isa</key>
			<string>PBXFileReference</string>
			<key>lastKnownFileType</key>
			<string>sourcecode.swift</string>
			<key>path</key>
			<string>ActivityFeedViewModel.swift</string>
			<key>sourceTree</key>
			<string>&lt;group&gt;</string>
		</dict>
		<key>E2E73E042E76522F00994856</key>
		<dict>
			<key>children</key>
			<array>
				<string>E2E73DFC2E7651DA00994856</string>
				<string>E2E73DFE2E7651EC00994856</string>
				<string>E2E73E501234567890ABCDEF</string>
				<string>E2E73E681234567890ABCDEF</string>
				<string>E2E73EA41234567890ABCDEF</string>
				<string>E2E73EA61234567890ABCDEF</string>
				<string>E2E73EA81234567890ABCDEF</string>
			</array>
			<key>isa</key>
			<string>PBXGroup</string>
			<key>path</key>
			<string>Services</string>
			<key>sourceTree</key>
			<string>&lt;group&gt;</string>
		</dict>
		<key>E2E73E051234567890ABCDEF</key>
		<dict>
			<key>fileRef</key>
			<string>E2E73E041234567890ABCDEF</string>
			<key>isa</key>
			<string>PBXBuildFile</string>
		</dict>
		<key>E2E73E061234567890ABCDEF</key>
		<dict>
			<key>isa</key>
			<string>PBXFileReference</string>
			<key>lastKnownFileType</key>
			<string>sourcecode.swift</string>
			<key>path</key>
			<string>BookingViewModel.swift</string>
			<key>sourceTree</key>
			<string>&lt;group&gt;</string>
		</dict>
		<key>E2E73E071234567890ABCDEF</key>
		<dict>
			<key>fileRef</key>
			<string>E2E73E061234567890ABCDEF</string>
			<key>isa</key>
			<string>PBXBuildFile</string>
		</dict>
		<key>E2E73E081234567890ABCDEF</key>
		<dict>
			<key>isa</key>
			<string>PBXFileReference</string>
			<key>lastKnownFileType</key>
			<string>sourcecode.swift</string>
			<key>path</key>
			<string>HobbyistSwiftUI/ViewModels/HomeViewModel.swift</string>
			<key>sourceTree</key>
			<string>&lt;group&gt;</string>
		</dict>
		<key>E2E73E091234567890ABCDEF</key>
		<dict>
			<key>fileRef</key>
			<string>E2E73E081234567890ABCDEF</string>
			<key>isa</key>
			<string>PBXBuildFile</string>
		</dict>
		<key>E2E73E0A1234567890ABCDEF</key>
		<dict>
			<key>isa</key>
			<string>PBXFileReference</string>
			<key>lastKnownFileType</key>
			<string>sourcecode.swift</string>
			<key>path</key>
			<string>HobbyistSwiftUI/ViewModels/ClassDetailViewModel.swift</string>
			<key>sourceTree</key>
			<string>&lt;group&gt;</string>
		</dict>
		<key>E2E73E0B1234567890ABCDEF</key>
		<dict>
			<key>fileRef</key>
			<string>E2E73E0A1234567890ABCDEF</string>
			<key>isa</key>
			<string>PBXBuildFile</string>
		</dict>
		<key>E2E73E0C1234567890ABCDEF</key>
		<dict>
			<key>isa</key>
			<string>PBXFileReference</string>
			<key>lastKnownFileType</key>
			<string>sourcecode.swift</string>
			<key>path</key>
			<string>FollowingViewModel.swift</string>
			<key>sourceTree</key>
			<string>&lt;group&gt;</string>
		</dict>
		<key>E2E73E0D1234567890ABCDEF</key>
		<dict>
			<key>fileRef</key>
			<string>E2E73E0C1234567890ABCDEF</string>
			<key>isa</key>
			<string>PBXBuildFile</string>
		</dict>
		<key>E2E73E0E1234567890ABCDEF</key>
		<dict>
			<key>isa</key>
			<string>PBXFileReference</string>
			<key>lastKnownFileType</key>
			<string>sourcecode.swift</string>
			<key>path</key>
			<string>HobbyistSwiftUI/ViewModels/SearchViewModel.swift</string>
			<key>sourceTree</key>
			<string>&lt;group&gt;</string>
		</dict>
		<key>E2E73E0F1234567890ABCDEF</key>
		<dict>
			<key>fileRef</key>
			<string>E2E73E0E1234567890ABCDEF</string>
			<key>isa</key>
			<string>PBXBuildFile</string>
		</dict>
		<key>E2E73E101234567890ABCDEF</key>
		<dict>
			<key>isa</key>
			<string>PBXFileReference</string>
			<key>lastKnownFileType</key>
			<string>sourcecode.swift</string>
			<key>path</key>
			<string>MarketplaceViewModel.swift</string>
			<key>sourceTree</key>
			<string>&lt;group&gt;</string>
		</dict>
		<key>E2E73E111234567890ABCDEF</key>
		<dict>
			<key>fileRef</key>
			<string>E2E73E101234567890ABCDEF</string>
			<key>isa</key>
			<string>PBXBuildFile</string>
		</dict>
		<key>E2E73E121234567890ABCDEF</key>
		<dict>
			<key>isa</key>
			<string>PBXFileReference</string>
			<key>lastKnownFileType</key>
			<string>sourcecode.swift</string>
			<key>path</key>
			<string>HobbyistSwiftUI/ViewModels/ProfileViewModel.swift</string>
			<key>sourceTree</key>
			<string>&lt;group&gt;</string>
		</dict>
		<key>E2E73E131234567890ABCDEF</key>
		<dict>
			<key>fileRef</key>
			<string>E2E73E121234567890ABCDEF</string>
			<key>isa</key>
			<string>PBXBuildFile</string>
		</dict>
		<key>E2E73E141234567890ABCDEF</key>
		<dict>
			<key>isa</key>
			<string>PBXFileReference</string>
			<key>lastKnownFileType</key>
			<string>sourcecode.swift</string>
			<key>path</key>
			<string>ClassListViewModel.swift</string>
			<key>sourceTree</key>
			<string>&lt;group&gt;</string>
		</dict>
		<key>E2E73E151234567890ABCDEF</key>
		<dict>
			<key>fileRef</key>
			<string>E2E73E141234567890ABCDEF</string>
			<key>isa</key>
			<string>PBXBuildFile</string>
		</dict>
		<key>E2E73E161234567890ABCDEF</key>
		<dict>
			<key>isa</key>
			<string>PBXFileReference</string>
			<key>lastKnownFileType</key>
			<string>sourcecode.swift</string>
			<key>path</key>
			<string>AppConfiguration.swift</string>
			<key>sourceTree</key>
			<string>&lt;group&gt;</string>
		</dict>
		<key>E2E73E171234567890ABCDEF</key>
		<dict>
			<key>fileRef</key>
			<string>E2E73E161234567890ABCDEF</string>
			<key>isa</key>
			<string>PBXBuildFile</string>
		</dict>
		<key>E2E73E181234567890ABCDEF</key>
		<dict>
			<key>isa</key>
			<string>PBXFileReference</string>
			<key>lastKnownFileType</key>
			<string>sourcecode.swift</string>
			<key>path</key>
			<string>SecureConfigurationLoader.swift</string>
			<key>sourceTree</key>
			<string>&lt;group&gt;</string>
		</dict>
		<key>E2E73E191234567890ABCDEF</key>
		<dict>
			<key>fileRef</key>
			<string>E2E73E181234567890ABCDEF</string>
			<key>isa</key>
			<string>PBXBuildFile</string>
		</dict>
		<key>E2E73E1A1234567890ABCDEF</key>
		<dict>
			<key>isa</key>
			<string>PBXFileReference</string>
			<key>lastKnownFileType</key>
			<string>sourcecode.swift</string>
			<key>path</key>
			<string>Configuration.swift</string>
			<key>sourceTree</key>
			<string>&lt;group&gt;</string>
		</dict>
		<key>E2E73E1B1234567890ABCDEF</key>
		<dict>
			<key>fileRef</key>
			<string>E2E73E1A1234567890ABCDEF</string>
			<key>isa</key>
			<string>PBXBuildFile</string>
		</dict>
		<key>E2E73E1C1234567890ABCDEF</key>
		<dict>
			<key>isa</key>
			<string>PBXFileReference</string>
			<key>lastKnownFileType</key>
			<string>sourcecode.swift</string>
			<key>path</key>
			<string>SecurityManager.swift</string>
			<key>sourceTree</key>
			<string>&lt;group&gt;</string>
		</dict>
		<key>E2E73E1D1234567890ABCDEF</key>
		<dict>
			<key>fileRef</key>
			<string>E2E73E1C1234567890ABCDEF</string>
			<key>isa</key>
			<string>PBXBuildFile</string>
		</dict>
		<key>E2E73E1E1234567890ABCDEF</key>
		<dict>
			<key>isa</key>
			<string>PBXFileReference</string>
			<key>lastKnownFileType</key>
			<string>sourcecode.swift</string>
			<key>path</key>
			<string>SecurityEventLogger.swift</string>
			<key>sourceTree</key>
			<string>&lt;group&gt;</string>
		</dict>
		<key>E2E73E1F1234567890ABCDEF</key>
		<dict>
			<key>fileRef</key>
			<string>E2E73E1E1234567890ABCDEF</string>
			<key>isa</key>
			<string>PBXBuildFile</string>
		</dict>
		<key>E2E73E201234567890ABCDEF</key>
		<dict>
			<key>isa</key>
			<string>PBXFileReference</string>
			<key>lastKnownFileType</key>
			<string>sourcecode.swift</string>
			<key>path</key>
			<string>CertificatePinningService.swift</string>
			<key>sourceTree</key>
			<string>&lt;group&gt;</string>
		</dict>
		<key>E2E73E211234567890ABCDEF</key>
		<dict>
			<key>fileRef</key>
			<string>E2E73E201234567890ABCDEF</string>
			<key>isa</key>
			<string>PBXBuildFile</string>
		</dict>
		<key>E2E73E221234567890ABCDEF</key>
		<dict>
			<key>isa</key>
			<string>PBXFileReference</string>
			<key>lastKnownFileType</key>
			<string>sourcecode.swift</string>
			<key>path</key>
			<string>Review.swift</string>
			<key>sourceTree</key>
			<string>&lt;group&gt;</string>
		</dict>
		<key>E2E73E231234567890ABCDEF</key>
		<dict>
			<key>fileRef</key>
			<string>E2E73E221234567890ABCDEF</string>
			<key>isa</key>
			<string>PBXBuildFile</string>
		</dict>
		<key>E2E73E241234567890ABCDEF</key>
		<dict>
			<key>isa</key>
			<string>PBXFileReference</string>
			<key>lastKnownFileType</key>
			<string>sourcecode.swift</string>
			<key>path</key>
			<string>HobbyistSwiftUI/Models/Booking.swift</string>
			<key>sourceTree</key>
			<string>&lt;group&gt;</string>
		</dict>
		<key>E2E73E251234567890ABCDEF</key>
		<dict>
			<key>fileRef</key>
			<string>E2E73E241234567890ABCDEF</string>
			<key>isa</key>
			<string>PBXBuildFile</string>
		</dict>
		<key>E2E73E261234567890ABCDEF</key>
		<dict>
			<key>isa</key>
			<string>PBXFileReference</string>
			<key>lastKnownFileType</key>
			<string>sourcecode.swift</string>
			<key>path</key>
			<string>Venue.swift</string>
			<key>sourceTree</key>
			<string>&lt;group&gt;</string>
		</dict>
		<key>E2E73E271234567890ABCDEF</key>
		<dict>
			<key>fileRef</key>
			<string>E2E73E261234567890ABCDEF</string>
			<key>isa</key>
			<string>PBXBuildFile</string>
		</dict>
		<key>E2E73E281234567890ABCDEF</key>
		<dict>
			<key>isa</key>
			<string>PBXFileReference</string>
			<key>lastKnownFileType</key>
			<string>sourcecode.swift</string>
			<key>path</key>
			<string>HobbyistSwiftUI/Models/UserProfile.swift</string>
			<key>sourceTree</key>
			<string>&lt;group&gt;</string>
		</dict>
		<key>E2E73E291234567890ABCDEF</key>
		<dict>
			<key>fileRef</key>
			<string>E2E73E281234567890ABCDEF</string>
			<key>isa</key>
			<string>PBXBuildFile</string>
		</dict>
		<key>E2E73E2A1234567890ABCDEF</key>
		<dict>
			<key>isa</key>
			<string>PBXFileReference</string>
			<key>lastKnownFileType</key>
			<string>sourcecode.swift</string>
			<key>path</key>
			<string>HobbyistSwiftUI/Models/ClassItem.swift</string>
			<key>sourceTree</key>
			<string>&lt;group&gt;</string>
		</dict>
		<key>E2E73E2B1234567890ABCDEF</key>
		<dict>
			<key>fileRef</key>
			<string>E2E73E2A1234567890ABCDEF</string>
			<key>isa</key>
			<string>PBXBuildFile</string>
		</dict>
		<key>E2E73E2C1234567890ABCDEF</key>
		<dict>
			<key>isa</key>
			<string>PBXFileReference</string>
			<key>lastKnownFileType</key>
			<string>sourcecode.swift</string>
			<key>path</key>
			<string>Payment.swift</string>
			<key>sourceTree</key>
			<string>&lt;group&gt;</string>
		</dict>
		<key>E2E73E2D1234567890ABCDEF</key>
		<dict>
			<key>fileRef</key>
			<string>E2E73E2C1234567890ABCDEF</string>
			<key>isa</key>
			<string>PBXBuildFile</string>
		</dict>
		<key>E2E73E2E1234567890ABCDEF</key>
		<dict>
			<key>isa</key>
			<string>PBXFileReference</string>
			<key>lastKnownFileType</key>
			<string>sourcecode.swift</string>
			<key>path</key>
			<string>Instructor.swift</string>
			<key>sourceTree</key>
			<string>&lt;group&gt;</string>
		</dict>
		<key>E2E73E2F1234567890ABCDEF</key>
		<dict>
			<key>fileRef</key>
			<string>E2E73E2E1234567890ABCDEF</string>
			<key>isa</key>
			<string>PBXBuildFile</string>
		</dict>
		<key>E2E73E301234567890ABCDEF</key>
		<dict>
			<key>isa</key>
			<string>PBXFileReference</string>
			<key>lastKnownFileType</key>
			<string>sourcecode.swift</string>
			<key>path</key>
			<string>Following.swift</string>
			<key>sourceTree</key>
			<string>&lt;group&gt;</string>
		</dict>
		<key>E2E73E311234567890ABCDEF</key>
		<dict>
			<key>fileRef</key>
			<string>E2E73E301234567890ABCDEF</string>
			<key>isa</key>
			<string>PBXBuildFile</string>
		</dict>
		<key>E2E73E321234567890ABCDEF</key>
		<dict>
			<key>isa</key>
			<string>PBXFileReference</string>
			<key>lastKnownFileType</key>
			<string>sourcecode.swift</string>
			<key>path</key>
			<string>HobbyistSwiftUI/Views/Main/MainTabView.swift</string>
			<key>sourceTree</key>
			<string>&lt;group&gt;</string>
		</dict>
		<key>E2E73E331234567890ABCDEF</key>
		<dict>
			<key>fileRef</key>
			<string>E2E73E321234567890ABCDEF</string>
			<key>isa</key>
			<string>PBXBuildFile</string>
		</dict>
		<key>E2E73E341234567890ABCDEF</key>
		<dict>
			<key>isa</key>
			<string>PBXFileReference</string>
			<key>lastKnownFileType</key>
			<string>sourcecode.swift</string>
			<key>path</key>
			<string>HobbyistSwiftUI/Views/Main/HomeView.swift</string>
			<key>sourceTree</key>
			<string>&lt;group&gt;</string>
		</dict>
		<key>E2E73E351234567890ABCDEF</key>
		<dict>
			<key>fileRef</key>
			<string>E2E73E341234567890ABCDEF</string>
			<key>isa</key>
			<string>PBXBuildFile</string>
		</dict>
		<key>E2E73E361234567890ABCDEF</key>
		<dict>
			<key>isa</key>
			<string>PBXFileReference</string>
			<key>lastKnownFileType</key>
			<string>sourcecode.swift</string>
			<key>path</key>
			<string>ClassListView.swift</string>
			<key>sourceTree</key>
			<string>&lt;group&gt;</string>
		</dict>
		<key>E2E73E371234567890ABCDEF</key>
		<dict>
			<key>fileRef</key>
			<string>E2E73E361234567890ABCDEF</string>
			<key>isa</key>
			<string>PBXBuildFile</string>
		</dict>
		<key>E2E73E381234567890ABCDEF</key>
		<dict>
			<key>isa</key>
			<string>PBXFileReference</string>
			<key>lastKnownFileType</key>
			<string>sourcecode.swift</string>
			<key>path</key>
			<string>HobbyistSwiftUI/Views/Main/ClassDetailView.swift</string>
			<key>sourceTree</key>
			<string>&lt;group&gt;</string>
		</dict>
		<key>E2E73E391234567890ABCDEF</key>
		<dict>
			<key>fileRef</key>
			<string>E2E73E381234567890ABCDEF</string>
			<key>isa</key>
			<string>PBXBuildFile</string>
		</dict>
		<key>E2E73E3A1234567890ABCDEF</key>
		<dict>
			<key>isa</key>
			<string>PBXFileReference</string>
			<key>lastKnownFileType</key>
			<string>sourcecode.swift</string>
			<key>path</key>
			<string>HobbyistSwiftUI/Views/Auth/LoginView.swift</string>
			<key>sourceTree</key>
			<string>&lt;group&gt;</string>
		</dict>
		<key>E2E73E3B1234567890ABCDEF</key>
		<dict>
			<key>fileRef</key>
			<string>E2E73E3A1234567890ABCDEF</string>
			<key>isa</key>
			<string>PBXBuildFile</string>
		</dict>
		<key>E2E73E3C1234567890ABCDEF</key>
		<dict>
			<key>isa</key>
			<string>PBXFileReference</string>
			<key>lastKnownFileType</key>
			<string>sourcecode.swift</string>
			<key>path</key>
			<string>HobbyistSwiftUI/Views/Auth/SignUpView.swift</string>
			<key>sourceTree</key>
			<string>&lt;group&gt;</string>
		</dict>
		<key>E2E73E3D1234567890ABCDEF</key>
		<dict>
			<key>fileRef</key>
			<string>E2E73E3C1234567890ABCDEF</string>
			<key>isa</key>
			<string>PBXBuildFile</string>
		</dict>
		<key>E2E73E3E1234567890ABCDEF</key>
		<dict>
			<key>isa</key>
			<string>PBXFileReference</string>
			<key>lastKnownFileType</key>
			<string>sourcecode.swift</string>
			<key>path</key>
			<string>SignInView.swift</string>
			<key>sourceTree</key>
			<string>&lt;group&gt;</string>
		</dict>
		<key>E2E73E3F1234567890ABCDEF</key>
		<dict>
			<key>fileRef</key>
			<string>E2E73E3E1234567890ABCDEF</string>
			<key>isa</key>
			<string>PBXBuildFile</string>
		</dict>
		<key>E2E73E401234567890ABCDEF</key>
		<dict>
			<key>isa</key>
			<string>PBXFileReference</string>
			<key>lastKnownFileType</key>
			<string>sourcecode.swift</string>
			<key>path</key>
			<string>AuthenticationView.swift</string>
			<key>sourceTree</key>
			<string>&lt;group&gt;</string>
		</dict>
		<key>E2E73E411234567890ABCDEF</key>
		<dict>
			<key>fileRef</key>
			<string>E2E73E401234567890ABCDEF</string>
			<key>isa</key>
			<string>PBXBuildFile</string>
		</dict>
		<key>E2E73E421234567890ABCDEF</key>
		<dict>
			<key>isa</key>
			<string>PBXFileReference</string>
			<key>lastKnownFileType</key>
			<string>sourcecode.swift</string>
			<key>path</key>
			<string>HobbyistSwiftUI/Views/Auth/OnboardingView.swift</string>
			<key>sourceTree</key>
			<string>&lt;group&gt;</string>
		</dict>
		<key>E2E73E431234567890ABCDEF</key>
		<dict>
			<key>fileRef</key>
			<string>E2E73E421234567890ABCDEF</string>
			<key>isa</key>
			<string>PBXBuildFile</string>
		</dict>
		<key>E2E73E441234567890ABCDEF</key>
		<dict>
			<key>isa</key>
			<string>PBXFileReference</string>
			<key>lastKnownFileType</key>
			<string>sourcecode.swift</string>
			<key>path</key>
			<string>HobbyistSwiftUI/Views/BookingsView.swift</string>
			<key>sourceTree</key>
			<string>&lt;group&gt;</string>
		</dict>
		<key>E2E73E451234567890ABCDEF</key>
		<dict>
			<key>fileRef</key>
			<string>E2E73E441234567890ABCDEF</string>
			<key>isa</key>
			<string>PBXBuildFile</string>
		</dict>
		<key>E2E73E461234567890ABCDEF</key>
		<dict>
			<key>isa</key>
			<string>PBXFileReference</string>
			<key>lastKnownFileType</key>
			<string>sourcecode.swift</string>
			<key>path</key>
			<string>HobbyistSwiftUI/Views/ProfileView.swift</string>
			<key>sourceTree</key>
			<string>&lt;group&gt;</string>
		</dict>
		<key>E2E73E471234567890ABCDEF</key>
		<dict>
			<key>fileRef</key>
			<string>E2E73E461234567890ABCDEF</string>
			<key>isa</key>
			<string>PBXBuildFile</string>
		</dict>
		<key>E2E73E481234567890ABCDEF</key>
		<dict>
			<key>isa</key>
			<string>PBXFileReference</string>
			<key>lastKnownFileType</key>
			<string>sourcecode.swift</string>
			<key>path</key>
			<string>HobbyistSwiftUI/Views/SearchView.swift</string>
			<key>sourceTree</key>
			<string>&lt;group&gt;</string>
		</dict>
		<key>E2E73E491234567890ABCDEF</key>
		<dict>
			<key>fileRef</key>
			<string>E2E73E481234567890ABCDEF</string>
			<key>isa</key>
			<string>PBXBuildFile</string>
		</dict>
		<key>E2E73E4A1234567890ABCDEF</key>
		<dict>
			<key>isa</key>
			<string>PBXFileReference</string>
			<key>lastKnownFileType</key>
			<string>sourcecode.swift</string>
			<key>path</key>
			<string>SettingsView.swift</string>
			<key>sourceTree</key>
			<string>&lt;group&gt;</string>
		</dict>
		<key>E2E73E4B1234567890ABCDEF</key>
		<dict>
			<key>fileRef</key>
			<string>E2E73E4A1234567890ABCDEF</string>
			<key>isa</key>
			<string>PBXBuildFile</string>
		</dict>
		<key>E2E73E4C1234567890ABCDEF</key>
		<dict>
			<key>isa</key>
			<string>PBXFileReference</string>
			<key>lastKnownFileType</key>
			<string>sourcecode.swift</string>
			<key>path</key>
			<string>HobbyistSwiftUI/Views/DiscoverView.swift</string>
			<key>sourceTree</key>
			<string>&lt;group&gt;</string>
		</dict>
		<key>E2E73E4D1234567890ABCDEF</key>
		<dict>
			<key>fileRef</key>
			<string>E2E73E4C1234567890ABCDEF</string>
			<key>isa</key>
			<string>PBXBuildFile</string>
		</dict>
		<key>E2E73E4E1234567890ABCDEF</key>
		<dict>
			<key>isa</key>
			<string>PBXFileReference</string>
			<key>lastKnownFileType</key>
			<string>sourcecode.swift</string>
			<key>path</key>
			<string>FeedbackView.swift</string>
			<key>sourceTree</key>
			<string>&lt;group&gt;</string>
		</dict>
		<key>E2E73E4F1234567890ABCDEF</key>
		<dict>
			<key>fileRef</key>
			<string>E2E73E4E1234567890ABCDEF</string>
			<key>isa</key>
			<string>PBXBuildFile</string>
		</dict>
		<key>E2E73E501234567890ABCDEF</key>
		<dict>
			<key>isa</key>
			<string>PBXFileReference</string>
			<key>lastKnownFileType</key>
			<string>sourcecode.swift</string>
			<key>path</key>
			<string>HapticFeedbackService.swift</string>
			<key>sourceTree</key>
			<string>&lt;group&gt;</string>
		</dict>
		<key>E2E73E511234567890ABCDEF</key>
		<dict>
			<key>fileRef</key>
			<string>E2E73E501234567890ABCDEF</string>
			<key>isa</key>
			<string>PBXBuildFile</string>
		</dict>
		<key>E2E73E511234567890ABCDFF</key>
		<dict>
			<key>isa</key>
			<string>PBXFileReference</string>
			<key>lastKnownFileType</key>
			<string>sourcecode.swift</string>
			<key>path</key>
			<string>HobbyistSwiftUI/Views/CreditsView.swift</string>
			<key>sourceTree</key>
			<string>&lt;group&gt;</string>
		</dict>
		<key>E2E73E521234567890ABCDEF</key>
		<dict>
			<key>isa</key>
			<string>PBXFileReference</string>
			<key>lastKnownFileType</key>
			<string>sourcecode.swift</string>
			<key>path</key>
			<string>BookingFlowView.swift</string>
			<key>sourceTree</key>
			<string>&lt;group&gt;</string>
		</dict>
		<key>E2E73E521234567890ABCDFF</key>
		<dict>
			<key>fileRef</key>
			<string>E2E73E511234567890ABCDFF</string>
			<key>isa</key>
			<string>PBXBuildFile</string>
		</dict>
		<key>E2E73E531234567890ABCDEF</key>
		<dict>
			<key>fileRef</key>
			<string>E2E73E521234567890ABCDEF</string>
			<key>isa</key>
			<string>PBXBuildFile</string>
		</dict>
		<key>E2E73E541234567890ABCDEF</key>
		<dict>
			<key>isa</key>
			<string>PBXFileReference</string>
			<key>lastKnownFileType</key>
			<string>sourcecode.swift</string>
			<key>path</key>
			<string>MarketplaceView.swift</string>
			<key>sourceTree</key>
			<string>&lt;group&gt;</string>
		</dict>
		<key>E2E73E551234567890ABCDEF</key>
		<dict>
			<key>fileRef</key>
			<string>E2E73E541234567890ABCDEF</string>
			<key>isa</key>
			<string>PBXBuildFile</string>
		</dict>
		<key>E2E73E561234567890ABCDEF</key>
		<dict>
			<key>isa</key>
			<string>PBXFileReference</string>
			<key>lastKnownFileType</key>
			<string>sourcecode.swift</string>
			<key>path</key>
			<string>ActivityFeedView.swift</string>
			<key>sourceTree</key>
			<string>&lt;group&gt;</string>
		</dict>
		<key>E2E73E571234567890ABCDEF</key>
		<dict>
			<key>fileRef</key>
			<string>E2E73E561234567890ABCDEF</string>
			<key>isa</key>
			<string>PBXBuildFile</string>
		</dict>
		<key>E2E73E581234567890ABCDEF</key>
		<dict>
			<key>isa</key>
			<string>PBXFileReference</string>
			<key>lastKnownFileType</key>
			<string>sourcecode.swift</string>
			<key>path</key>
			<string>FollowingView.swift</string>
			<key>sourceTree</key>
			<string>&lt;group&gt;</string>
		</dict>
		<key>E2E73E591234567890ABCDEF</key>
		<dict>
			<key>fileRef</key>
			<string>E2E73E581234567890ABCDEF</string>
			<key>isa</key>
			<string>PBXBuildFile</string>
		</dict>
		<key>E2E73E5A1234567890ABCDEF</key>
		<dict>
			<key>isa</key>
			<string>PBXFileReference</string>
			<key>lastKnownFileType</key>
			<string>sourcecode.swift</string>
			<key>path</key>
			<string>PricingView.swift</string>
			<key>sourceTree</key>
			<string>&lt;group&gt;</string>
		</dict>
		<key>E2E73E5B1234567890ABCDEF</key>
		<dict>
			<key>fileRef</key>
			<string>E2E73E5A1234567890ABCDEF</string>
			<key>isa</key>
			<string>PBXBuildFile</string>
		</dict>
		<key>E2E73E5C1234567890ABCDEF</key>
		<dict>
			<key>isa</key>
			<string>PBXFileReference</string>
			<key>lastKnownFileType</key>
			<string>sourcecode.swift</string>
			<key>path</key>
			<string>PurchaseConfirmationView.swift</string>
			<key>sourceTree</key>
			<string>&lt;group&gt;</string>
		</dict>
		<key>E2E73E5D1234567890ABCDEF</key>
		<dict>
			<key>fileRef</key>
			<string>E2E73E5C1234567890ABCDEF</string>
			<key>isa</key>
			<string>PBXBuildFile</string>
		</dict>
		<key>E2E73E5E1234567890ABCDEF</key>
		<dict>
			<key>isa</key>
			<string>PBXFileReference</string>
			<key>lastKnownFileType</key>
			<string>sourcecode.swift</string>
			<key>path</key>
			<string>PurchaseSuccessView.swift</string>
			<key>sourceTree</key>
			<string>&lt;group&gt;</string>
		</dict>
		<key>E2E73E5F1234567890ABCDEF</key>
		<dict>
			<key>fileRef</key>
			<string>E2E73E5E1234567890ABCDEF</string>
			<key>isa</key>
			<string>PBXBuildFile</string>
		</dict>
		<key>E2E73E601234567890ABCDEF</key>
		<dict>
			<key>isa</key>
			<string>PBXFileReference</string>
			<key>lastKnownFileType</key>
			<string>sourcecode.swift</string>
			<key>path</key>
			<string>ServiceContainer.swift</string>
			<key>sourceTree</key>
			<string>&lt;group&gt;</string>
		</dict>
		<key>E2E73E611234567890ABCDEF</key>
		<dict>
			<key>fileRef</key>
			<string>E2E73E601234567890ABCDEF</string>
			<key>isa</key>
			<string>PBXBuildFile</string>
		</dict>
		<key>E2E73E621234567890ABCDEF</key>
		<dict>
			<key>isa</key>
			<string>PBXFileReference</string>
			<key>lastKnownFileType</key>
			<string>sourcecode.swift</string>
			<key>path</key>
			<string>UserService.swift</string>
			<key>sourceTree</key>
			<string>&lt;group&gt;</string>
		</dict>
		<key>E2E73E631234567890ABCDEF</key>
		<dict>
			<key>fileRef</key>
			<string>E2E73E621234567890ABCDEF</string>
			<key>isa</key>
			<string>PBXBuildFile</string>
		</dict>
		<key>E2E73E641234567890ABCDEF</key>
		<dict>
			<key>isa</key>
			<string>PBXFileReference</string>
			<key>lastKnownFileType</key>
			<string>sourcecode.swift</string>
			<key>path</key>
			<string>BookingService.swift</string>
			<key>sourceTree</key>
			<string>&lt;group&gt;</string>
		</dict>
		<key>E2E73E651234567890ABCDEF</key>
		<dict>
			<key>fileRef</key>
			<string>E2E73E641234567890ABCDEF</string>
			<key>isa</key>
			<string>PBXBuildFile</string>
		</dict>
		<key>E2E73E661234567890ABCDEF</key>
		<dict>
			<key>isa</key>
			<string>PBXFileReference</string>
			<key>lastKnownFileType</key>
			<string>sourcecode.swift</string>
			<key>path</key>
			<string>VenueService.swift</string>
			<key>sourceTree</key>
			<string>&lt;group&gt;</string>
		</dict>
		<key>E2E73E671234567890ABCDEF</key>
		<dict>
			<key>fileRef</key>
			<string>E2E73E661234567890ABCDEF</string>
			<key>isa</key>
			<string>PBXBuildFile</string>
		</dict>
		<key>E2E73E681234567890ABCDEF</key>
		<dict>
			<key>isa</key>
			<string>PBXFileReference</string>
			<key>lastKnownFileType</key>
			<string>sourcecode.swift</string>
			<key>path</key>
			<string>CreditService.swift</string>
			<key>sourceTree</key>
			<string>&lt;group&gt;</string>
		</dict>
		<key>E2E73E691234567890ABCDEF</key>
		<dict>
			<key>fileRef</key>
			<string>E2E73E681234567890ABCDEF</string>
			<key>isa</key>
			<string>PBXBuildFile</string>
		</dict>
		<key>E2E73E6A1234567890ABCDEF</key>
		<dict>
			<key>isa</key>
			<string>PBXFileReference</string>
			<key>lastKnownFileType</key>
			<string>sourcecode.swift</string>
			<key>path</key>
			<string>RateLimitingService.swift</string>
			<key>sourceTree</key>
			<string>&lt;group&gt;</string>
		</dict>
		<key>E2E73E6B1234567890ABCDEF</key>
		<dict>
			<key>fileRef</key>
			<string>E2E73E6A1234567890ABCDEF</string>
			<key>isa</key>
			<string>PBXBuildFile</string>
		</dict>
		<key>E2E73E6C1234567890ABCDEF</key>
		<dict>
			<key>isa</key>
			<string>PBXFileReference</string>
			<key>lastKnownFileType</key>
			<string>sourcecode.swift</string>
			<key>path</key>
			<string>StripePaymentService.swift</string>
			<key>sourceTree</key>
			<string>&lt;group&gt;</string>
		</dict>
		<key>E2E73E6D1234567890ABCDEF</key>
		<dict>
			<key>fileRef</key>
			<string>E2E73E6C1234567890ABCDEF</string>
			<key>isa</key>
			<string>PBXBuildFile</string>
		</dict>
		<key>E2E73E6E1234567890ABCDEF</key>
		<dict>
			<key>isa</key>
			<string>PBXFileReference</string>
			<key>lastKnownFileType</key>
			<string>sourcecode.swift</string>
			<key>path</key>
			<string>DataService.swift</string>
			<key>sourceTree</key>
			<string>&lt;group&gt;</string>
		</dict>
		<key>E2E73E6F1234567890ABCDEF</key>
		<dict>
			<key>fileRef</key>
			<string>E2E73E6E1234567890ABCDEF</string>
			<key>isa</key>
			<string>PBXBuildFile</string>
		</dict>
		<key>E2E73E701234567890ABCDEF</key>
		<dict>
			<key>isa</key>
			<string>PBXFileReference</string>
			<key>lastKnownFileType</key>
			<string>sourcecode.swift</string>
			<key>path</key>
			<string>ApplePayProducts.swift</string>
			<key>sourceTree</key>
			<string>&lt;group&gt;</string>
		</dict>
		<key>E2E73E711234567890ABCDEF</key>
		<dict>
			<key>fileRef</key>
			<string>E2E73E701234567890ABCDEF</string>
			<key>isa</key>
			<string>PBXBuildFile</string>
		</dict>
		<key>E2E73E721234567890ABCDEF</key>
		<dict>
			<key>isa</key>
			<string>PBXFileReference</string>
			<key>lastKnownFileType</key>
			<string>sourcecode.swift</string>
			<key>path</key>
			<string>NotificationServiceProtocol.swift</string>
			<key>sourceTree</key>
			<string>&lt;group&gt;</string>
		</dict>
		<key>E2E73E731234567890ABCDEF</key>
		<dict>
			<key>fileRef</key>
			<string>E2E73E721234567890ABCDEF</string>
			<key>isa</key>
			<string>PBXBuildFile</string>
		</dict>
		<key>E2E73E741234567890ABCDEF</key>
		<dict>
			<key>isa</key>
			<string>PBXFileReference</string>
			<key>lastKnownFileType</key>
			<string>sourcecode.swift</string>
			<key>path</key>
			<string>SecurityMonitor.swift</string>
			<key>sourceTree</key>
			<string>&lt;group&gt;</string>
		</dict>
		<key>E2E73E751234567890ABCDEF</key>
		<dict>
			<key>fileRef</key>
			<string>E2E73E741234567890ABCDEF</string>
			<key>isa</key>
			<string>PBXBuildFile</string>
		</dict>
		<key>E2E73E761234567890ABCDEF</key>
		<dict>
			<key>isa</key>
			<string>PBXFileReference</string>
			<key>lastKnownFileType</key>
			<string>sourcecode.swift</string>
			<key>path</key>
			<string>APIRateLimiter.swift</string>
			<key>sourceTree</key>
			<string>&lt;group&gt;</string>
		</dict>
		<key>E2E73E771234567890ABCDEF</key>
		<dict>
			<key>fileRef</key>
			<string>E2E73E761234567890ABCDEF</string>
			<key>isa</key>
			<string>PBXBuildFile</string>
		</dict>
		<key>E2E73E781234567890ABCDEF</key>
		<dict>
			<key>isa</key>
			<string>PBXFileReference</string>
			<key>lastKnownFileType</key>
			<string>sourcecode.swift</string>
			<key>path</key>
			<string>FollowingService.swift</string>
			<key>sourceTree</key>
			<string>&lt;group&gt;</string>
		</dict>
		<key>E2E73E791234567890ABCDEF</key>
		<dict>
			<key>fileRef</key>
			<string>E2E73E781234567890ABCDEF</string>
			<key>isa</key>
			<string>PBXBuildFile</string>
		</dict>
		<key>E2E73E7A1234567890ABCDEF</key>
		<dict>
			<key>isa</key>
			<string>PBXFileReference</string>
			<key>lastKnownFileType</key>
			<string>sourcecode.swift</string>
			<key>path</key>
			<string>CrashReportingService.swift</string>
			<key>sourceTree</key>
			<string>&lt;group&gt;</string>
		</dict>
		<key>E2E73E7B1234567890ABCDEF</key>
		<dict>
			<key>fileRef</key>
			<string>E2E73E7A1234567890ABCDEF</string>
			<key>isa</key>
			<string>PBXBuildFile</string>
		</dict>
		<key>E2E73E7C1234567890ABCDEF</key>
		<dict>
			<key>isa</key>
			<string>PBXFileReference</string>
			<key>lastKnownFileType</key>
			<string>sourcecode.swift</string>
			<key>path</key>
			<string>IAPService.swift</string>
			<key>sourceTree</key>
			<string>&lt;group&gt;</string>
		</dict>
		<key>E2E73E7D1234567890ABCDEF</key>
		<dict>
			<key>fileRef</key>
			<string>E2E73E7C1234567890ABCDEF</string>
			<key>isa</key>
			<string>PBXBuildFile</string>
		</dict>
		<key>E2E73E7E1234567890ABCDEF</key>
		<dict>
			<key>isa</key>
			<string>PBXFileReference</string>
			<key>lastKnownFileType</key>
			<string>sourcecode.swift</string>
			<key>path</key>
			<string>ClassService.swift</string>
			<key>sourceTree</key>
			<string>&lt;group&gt;</string>
		</dict>
		<key>E2E73E7F1234567890ABCDEF</key>
		<dict>
			<key>fileRef</key>
			<string>E2E73E7E1234567890ABCDEF</string>
			<key>isa</key>
			<string>PBXBuildFile</string>
		</dict>
		<key>E2E73E801234567890ABCDEF</key>
		<dict>
			<key>isa</key>
			<string>PBXFileReference</string>
			<key>lastKnownFileType</key>
			<string>sourcecode.swift</string>
			<key>path</key>
			<string>KeychainService.swift</string>
			<key>sourceTree</key>
			<string>&lt;group&gt;</string>
		</dict>
		<key>E2E73E811234567890ABCDEF</key>
		<dict>
			<key>fileRef</key>
			<string>E2E73E801234567890ABCDEF</string>
			<key>isa</key>
			<string>PBXBuildFile</string>
		</dict>
		<key>E2E73E821234567890ABCDEF</key>
		<dict>
			<key>isa</key>
			<string>PBXFileReference</string>
			<key>lastKnownFileType</key>
			<string>sourcecode.swift</string>
			<key>path</key>
			<string>PushNotificationService.swift</string>
			<key>sourceTree</key>
			<string>&lt;group&gt;</string>
		</dict>
		<key>E2E73E831234567890ABCDEF</key>
		<dict>
			<key>fileRef</key>
			<string>E2E73E821234567890ABCDEF</string>
			<key>isa</key>
			<string>PBXBuildFile</string>
		</dict>
		<key>E2E73E841234567890ABCDEF</key>
		<dict>
			<key>isa</key>
			<string>PBXFileReference</string>
			<key>lastKnownFileType</key>
			<string>sourcecode.swift</string>
			<key>path</key>
			<string>RealtimeService.swift</string>
			<key>sourceTree</key>
			<string>&lt;group&gt;</string>
		</dict>
		<key>E2E73E851234567890ABCDEF</key>
		<dict>
			<key>fileRef</key>
			<string>E2E73E841234567890ABCDEF</string>
			<key>isa</key>
			<string>PBXBuildFile</string>
		</dict>
		<key>E2E73E861234567890ABCDEF</key>
		<dict>
			<key>isa</key>
			<string>PBXFileReference</string>
			<key>lastKnownFileType</key>
			<string>sourcecode.swift</string>
			<key>path</key>
			<string>NotificationService.swift</string>
			<key>sourceTree</key>
			<string>&lt;group&gt;</string>
		</dict>
		<key>E2E73E871234567890ABCDEF</key>
		<dict>
			<key>fileRef</key>
			<string>E2E73E861234567890ABCDEF</string>
			<key>isa</key>
			<string>PBXBuildFile</string>
		</dict>
		<key>E2E73E881234567890ABCDEF</key>
		<dict>
			<key>isa</key>
			<string>PBXFileReference</string>
			<key>lastKnownFileType</key>
			<string>sourcecode.swift</string>
			<key>path</key>
			<string>PaymentService.swift</string>
			<key>sourceTree</key>
			<string>&lt;group&gt;</string>
		</dict>
		<key>E2E73E891234567890ABCDEF</key>
		<dict>
			<key>fileRef</key>
			<string>E2E73E881234567890ABCDEF</string>
			<key>isa</key>
			<string>PBXBuildFile</string>
		</dict>
		<key>E2E73E8A1234567890ABCDEF</key>
		<dict>
			<key>isa</key>
			<string>PBXFileReference</string>
			<key>lastKnownFileType</key>
			<string>sourcecode.swift</string>
			<key>path</key>
			<string>DataServiceProtocol.swift</string>
			<key>sourceTree</key>
			<string>&lt;group&gt;</string>
		</dict>
		<key>E2E73E8B1234567890ABCDEF</key>
		<dict>
			<key>fileRef</key>
			<string>E2E73E8A1234567890ABCDEF</string>
			<key>isa</key>
			<string>PBXBuildFile</string>
		</dict>
		<key>E2E73E8C1234567890ABCDEF</key>
		<dict>
			<key>isa</key>
			<string>PBXFileReference</string>
			<key>lastKnownFileType</key>
			<string>sourcecode.swift</string>
			<key>path</key>
			<string>SupabaseDataService.swift</string>
			<key>sourceTree</key>
			<string>&lt;group&gt;</string>
		</dict>
		<key>E2E73E8D1234567890ABCDEF</key>
		<dict>
			<key>fileRef</key>
			<string>E2E73E8C1234567890ABCDEF</string>
			<key>isa</key>
			<string>PBXBuildFile</string>
		</dict>
		<key>E2E73E8E1234567890ABCDEF</key>
		<dict>
			<key>isa</key>
			<string>PBXFileReference</string>
			<key>lastKnownFileType</key>
			<string>sourcecode.swift</string>
			<key>path</key>
			<string>GamificationService.swift</string>
			<key>sourceTree</key>
			<string>&lt;group&gt;</string>
		</dict>
		<key>E2E73E8F1234567890ABCDEF</key>
		<dict>
			<key>fileRef</key>
			<string>E2E73E8E1234567890ABCDEF</string>
			<key>isa</key>
			<string>PBXBuildFile</string>
		</dict>
		<key>E2E73E901234567890ABCDEF</key>
		<dict>
			<key>isa</key>
			<string>PBXFileReference</string>
			<key>lastKnownFileType</key>
			<string>sourcecode.swift</string>
			<key>path</key>
			<string>CoreServices.swift</string>
			<key>sourceTree</key>
			<string>&lt;group&gt;</string>
		</dict>
		<key>E2E73E911234567890ABCDEF</key>
		<dict>
			<key>fileRef</key>
			<string>E2E73E901234567890ABCDEF</string>
			<key>isa</key>
			<string>PBXBuildFile</string>
		</dict>
		<key>E2E73E921234567890ABCDEF</key>
		<dict>
			<key>isa</key>
			<string>PBXFileReference</string>
			<key>lastKnownFileType</key>
			<string>sourcecode.swift</string>
			<key>path</key>
			<string>FeedbackService.swift</string>
			<key>sourceTree</key>
			<string>&lt;group&gt;</string>
		</dict>
		<key>E2E73E931234567890ABCDEF</key>
		<dict>
			<key>fileRef</key>
			<string>E2E73E921234567890ABCDEF</string>
			<key>isa</key>
			<string>PBXBuildFile</string>
		</dict>
		<key>E2E73E941234567890ABCDEF</key>
		<dict>
			<key>isa</key>
			<string>PBXFileReference</string>
			<key>lastKnownFileType</key>
			<string>sourcecode.swift</string>
			<key>path</key>
			<string>PaymentServiceProtocol.swift</string>
			<key>sourceTree</key>
			<string>&lt;group&gt;</string>
		</dict>
		<key>E2E73E951234567890ABCDEF</key>
		<dict>
			<key>fileRef</key>
			<string>E2E73E941234567890ABCDEF</string>
			<key>isa</key>
			<string>PBXBuildFile</string>
		</dict>
		<key>E2E73E961234567890ABCDEF</key>
		<dict>
			<key>isa</key>
			<string>PBXFileReference</string>
			<key>lastKnownFileType</key>
			<string>sourcecode.swift</string>
			<key>path</key>
			<string>SupabaseManager.swift</string>
			<key>sourceTree</key>
			<string>&lt;group&gt;</string>
		</dict>
		<key>E2E73E971234567890ABCDEF</key>
		<dict>
			<key>fileRef</key>
			<string>E2E73E961234567890ABCDEF</string>
			<key>isa</key>
			<string>PBXBuildFile</string>
		</dict>
		<key>E2E73E981234567890ABCDEF</key>
		<dict>
			<key>isa</key>
			<string>PBXFileReference</string>
			<key>lastKnownFileType</key>
			<string>sourcecode.swift</string>
			<key>path</key>
			<string>InstructorService.swift</string>
			<key>sourceTree</key>
			<string>&lt;group&gt;</string>
		</dict>
		<key>E2E73E991234567890ABCDEF</key>
		<dict>
			<key>fileRef</key>
			<string>E2E73E981234567890ABCDEF</string>
			<key>isa</key>
			<string>PBXBuildFile</string>
		</dict>
		<key>E2E73E9A1234567890ABCDEF</key>
		<dict>
			<key>isa</key>
			<string>PBXFileReference</string>
			<key>lastKnownFileType</key>
			<string>sourcecode.swift</string>
			<key>path</key>
			<string>LocationManager.swift</string>
			<key>sourceTree</key>
			<string>&lt;group&gt;</string>
		</dict>
		<key>E2E73E9B1234567890ABCDEF</key>
		<dict>
			<key>fileRef</key>
			<string>E2E73E9A1234567890ABCDEF</string>
			<key>isa</key>
			<string>PBXBuildFile</string>
		</dict>
		<key>E2E73E9C1234567890ABCDEF</key>
		<dict>
			<key>isa</key>
			<string>PBXFileReference</string>
			<key>lastKnownFileType</key>
			<string>sourcecode.swift</string>
			<key>path</key>
			<string>PricingService.swift</string>
			<key>sourceTree</key>
			<string>&lt;group&gt;</string>
		</dict>
		<key>E2E73E9D1234567890ABCDEF</key>
		<dict>
			<key>fileRef</key>
			<string>E2E73E9C1234567890ABCDEF</string>
			<key>isa</key>
			<string>PBXBuildFile</string>
		</dict>
		<key>E2E73E9E1234567890ABCDEF</key>
		<dict>
			<key>isa</key>
			<string>PBXFileReference</string>
			<key>lastKnownFileType</key>
			<string>sourcecode.swift</string>
			<key>path</key>
			<string>StripeWebhookValidator.swift</string>
			<key>sourceTree</key>
			<string>&lt;group&gt;</string>
		</dict>
		<key>E2E73E9F1234567890ABCDEF</key>
		<dict>
			<key>fileRef</key>
			<string>E2E73E9E1234567890ABCDEF</string>
			<key>isa</key>
			<string>PBXBuildFile</string>
		</dict>
		<key>E2E73EA01234567890ABCDEF</key>
		<dict>
			<key>isa</key>
			<string>PBXFileReference</string>
			<key>lastKnownFileType</key>
			<string>sourcecode.swift</string>
			<key>path</key>
			<string>GamificationServiceProtocol.swift</string>
			<key>sourceTree</key>
			<string>&lt;group&gt;</string>
		</dict>
		<key>E2E73EA11234567890ABCDEF</key>
		<dict>
			<key>fileRef</key>
			<string>E2E73EA01234567890ABCDEF</string>
			<key>isa</key>
			<string>PBXBuildFile</string>
		</dict>
		<key>E2E73EA21234567890ABCDEF</key>
		<dict>
			<key>isa</key>
			<string>PBXFileReference</string>
			<key>lastKnownFileType</key>
			<string>sourcecode.swift</string>
			<key>path</key>
			<string>SupabaseService.swift</string>
			<key>sourceTree</key>
			<string>&lt;group&gt;</string>
		</dict>
		<key>E2E73EA31234567890ABCDEF</key>
		<dict>
			<key>fileRef</key>
			<string>E2E73EA21234567890ABCDEF</string>
			<key>isa</key>
			<string>PBXBuildFile</string>
		</dict>
		<key>E2E73EA41234567890ABCDEF</key>
		<dict>
			<key>isa</key>
			<string>PBXFileReference</string>
			<key>lastKnownFileType</key>
			<string>sourcecode.swift</string>
			<key>path</key>
			<string>SearchService.swift</string>
			<key>sourceTree</key>
			<string>&lt;group&gt;</string>
		</dict>
		<key>E2E73EA51234567890ABCDEF</key>
		<dict>
			<key>fileRef</key>
			<string>E2E73EA41234567890ABCDEF</string>
			<key>isa</key>
			<string>PBXBuildFile</string>
		</dict>
		<key>E2E73EA61234567890ABCDEF</key>
		<dict>
			<key>isa</key>
			<string>PBXFileReference</string>
			<key>lastKnownFileType</key>
			<string>sourcecode.swift</string>
			<key>path</key>
			<string>LocationService.swift</string>
			<key>sourceTree</key>
			<string>&lt;group&gt;</string>
		</dict>
		<key>E2E73EA71234567890ABCDEF</key>
		<dict>
			<key>fileRef</key>
			<string>E2E73EA61234567890ABCDEF</string>
			<key>isa</key>
			<string>PBXBuildFile</string>
		</dict>
		<key>E2E73EA81234567890ABCDEF</key>
		<dict>
			<key>isa</key>
			<string>PBXFileReference</string>
			<key>lastKnownFileType</key>
			<string>sourcecode.swift</string>
			<key>path</key>
			<string>AnalyticsService.swift</string>
			<key>sourceTree</key>
			<string>&lt;group&gt;</string>
		</dict>
		<key>E2E73EA91234567890ABCDEF</key>
		<dict>
			<key>fileRef</key>
			<string>E2E73EA81234567890ABCDEF</string>
			<key>isa</key>
			<string>PBXBuildFile</string>
		</dict>
	</dict>
	<key>rootObject</key>
	<string>7A12344A1234567890ABCDEF</string>
</dict>
</plist>
